PODS:
  - MBProgressHUD (0.9.2)
  - MJRefresh (3.1.0)
  - MWObjTools (0.1.2)
  - SDWebImage (3.7.6):
    - SDWebImage/Core (= 3.7.6)
  - SDWebImage/Core (3.7.6)

DEPENDENCIES:
  - MBProgressHUD
  - MJRefresh (= 3.1.0)
  - MWObjTools
  - SDWebImage

SPEC CHECKSUMS:
  MBProgressHUD: 1569cf7ace17a8bac47aabfbb8580a49690386d1
  MJRefresh: 743e6404967d1c2c688472ea3ecfde247d872db4
  MWObjTools: c37cbf4fb3450b9cb76e81ce0f89d8d29b0fcc92
  SDWebImage: c325cf02c30337336b95beff20a13df489ec0ec9

PODFILE CHECKSUM: 535a21a5c88558a2a5f07838d0ba59063d982499

COCOAPODS: 1.0.0
