// !$*UTF8*$!
{
	archiveVersion = 1;
	classes = {
	};
	objectVersion = 46;
	objects = {

/* Begin PBXBuildFile section */
		171D7EE946C215853B29364F /* libPods-iOSLearnList.a in Frameworks */ = {isa = PBXBuildFile; fileRef = 63EFAA2436F06E52B0476304 /* libPods-iOSLearnList.a */; };
		519785FA1D04189A00DF3981 /* autolayoutCellCtl.m in Sources */ = {isa = PBXBuildFile; fileRef = 519785F91D04189A00DF3981 /* autolayoutCellCtl.m */; };
		519785FF1D0418E200DF3981 /* autolayoutCell.m in Sources */ = {isa = PBXBuildFile; fileRef = 519785FD1D0418E200DF3981 /* autolayoutCell.m */; };
		519786001D0418E200DF3981 /* autolayoutCell.xib in Resources */ = {isa = PBXBuildFile; fileRef = 519785FE1D0418E200DF3981 /* autolayoutCell.xib */; };
		519EB5B01CE85BCC002CB3AE /* myLanguage.strings in Resources */ = {isa = PBXBuildFile; fileRef = 519EB5B21CE85BCC002CB3AE /* myLanguage.strings */; };
		519EB5B61CE85C03002CB3AE /* InfoPlist.strings in Resources */ = {isa = PBXBuildFile; fileRef = 519EB5B81CE85C03002CB3AE /* InfoPlist.strings */; };
		519EB5BC1CE85C88002CB3AE /* Localizable.strings in Resources */ = {isa = PBXBuildFile; fileRef = 519EB5BE1CE85C88002CB3AE /* Localizable.strings */; };
		51F5BEF61D28A308000641A7 /* mergedBundleFrame.a in Frameworks */ = {isa = PBXBuildFile; fileRef = 51F5BEF51D28A308000641A7 /* mergedBundleFrame.a */; };
		51F68EC21CDE1905009338D6 /* main.m in Sources */ = {isa = PBXBuildFile; fileRef = 51F68EC11CDE1905009338D6 /* main.m */; };
		51F68EC51CDE1905009338D6 /* AppDelegate.m in Sources */ = {isa = PBXBuildFile; fileRef = 51F68EC41CDE1905009338D6 /* AppDelegate.m */; };
		51F68ECB1CDE1905009338D6 /* Main.storyboard in Resources */ = {isa = PBXBuildFile; fileRef = 51F68EC91CDE1905009338D6 /* Main.storyboard */; };
		51F68ECD1CDE1905009338D6 /* Assets.xcassets in Resources */ = {isa = PBXBuildFile; fileRef = 51F68ECC1CDE1905009338D6 /* Assets.xcassets */; };
		51F68ED01CDE1905009338D6 /* LaunchScreen.storyboard in Resources */ = {isa = PBXBuildFile; fileRef = 51F68ECE1CDE1905009338D6 /* LaunchScreen.storyboard */; };
		51F68EDB1CDE1905009338D6 /* iOSLearnListTests.m in Sources */ = {isa = PBXBuildFile; fileRef = 51F68EDA1CDE1905009338D6 /* iOSLearnListTests.m */; };
		51F68EE61CDE1905009338D6 /* iOSLearnListUITests.m in Sources */ = {isa = PBXBuildFile; fileRef = 51F68EE51CDE1905009338D6 /* iOSLearnListUITests.m */; };
		51FAA2F01CECB49A0050E75E /* myTableViewController.m in Sources */ = {isa = PBXBuildFile; fileRef = 51FAA2EF1CECB49A0050E75E /* myTableViewController.m */; };
		51FAA2F31CECB5750050E75E /* collectionViewController.m in Sources */ = {isa = PBXBuildFile; fileRef = 51FAA2F21CECB5750050E75E /* collectionViewController.m */; };
		790296D8928C947E58425DE6 /* libPods-iOSLearnListTests.a in Frameworks */ = {isa = PBXBuildFile; fileRef = 291F77B8319A93603B07A0C0 /* libPods-iOSLearnListTests.a */; };
		ABEAA17814CAF1656AA47D64 /* libPods-iOSLearnListUITests.a in Frameworks */ = {isa = PBXBuildFile; fileRef = 7778427D6BFE970E4A490F58 /* libPods-iOSLearnListUITests.a */; };
		C1209B1E1CF53EED00182559 /* configViewController.m in Sources */ = {isa = PBXBuildFile; fileRef = C1209B1D1CF53EED00182559 /* configViewController.m */; };
		C1209B221CF53F2900182559 /* ConfigCommon.m in Sources */ = {isa = PBXBuildFile; fileRef = C1209B211CF53F2900182559 /* ConfigCommon.m */; };
		C12F1EF41D4A199400A2D984 /* MWDrawingViewController.m in Sources */ = {isa = PBXBuildFile; fileRef = C12F1EF31D4A199400A2D984 /* MWDrawingViewController.m */; };
		C156DDBB1D4897CA004CD422 /* AdvancedViewController.m in Sources */ = {isa = PBXBuildFile; fileRef = C156DDBA1D4897CA004CD422 /* AdvancedViewController.m */; };
		C156DDBF1D4898FF004CD422 /* AnimationListViewController.m in Sources */ = {isa = PBXBuildFile; fileRef = C156DDBE1D4898FF004CD422 /* AnimationListViewController.m */; };
		C156DDC21D4899E5004CD422 /* CAMediaTimingFunctionVC.m in Sources */ = {isa = PBXBuildFile; fileRef = C156DDC11D4899E5004CD422 /* CAMediaTimingFunctionVC.m */; };
		C156DDC51D48B98E004CD422 /* TimerAnimationViewController.m in Sources */ = {isa = PBXBuildFile; fileRef = C156DDC41D48B98E004CD422 /* TimerAnimationViewController.m */; };
		C15F15451D45B16C00392D95 /* BaseMainViewController.m in Sources */ = {isa = PBXBuildFile; fileRef = C15F15441D45B16C00392D95 /* BaseMainViewController.m */; };
		C15F154B1D45B43E00392D95 /* UIBaseViewController.m in Sources */ = {isa = PBXBuildFile; fileRef = C15F154A1D45B43E00392D95 /* UIBaseViewController.m */; };
		C15F154E1D45B74D00392D95 /* SysBaseViewController.m in Sources */ = {isa = PBXBuildFile; fileRef = C15F154D1D45B74D00392D95 /* SysBaseViewController.m */; };
		C15F15511D45B76100392D95 /* ObjBaseViewController.m in Sources */ = {isa = PBXBuildFile; fileRef = C15F15501D45B76100392D95 /* ObjBaseViewController.m */; };
		C15F15541D45B8D700392D95 /* MWBaseViewController.m in Sources */ = {isa = PBXBuildFile; fileRef = C15F15531D45B8D700392D95 /* MWBaseViewController.m */; };
		C15F15571D45C65700392D95 /* KVOViewController.m in Sources */ = {isa = PBXBuildFile; fileRef = C15F15561D45C65700392D95 /* KVOViewController.m */; };
		C15F155A1D45E92300392D95 /* MethodSignatureViewController.m in Sources */ = {isa = PBXBuildFile; fileRef = C15F15591D45E92300392D95 /* MethodSignatureViewController.m */; };
		C15F155D1D45EB7800392D95 /* OBJModel.m in Sources */ = {isa = PBXBuildFile; fileRef = C15F155C1D45EB7800392D95 /* OBJModel.m */; };
		C15F15601D4604CF00392D95 /* SearchBarVC.m in Sources */ = {isa = PBXBuildFile; fileRef = C15F155F1D4604CF00392D95 /* SearchBarVC.m */; };
		C162E35B1D51853B00061311 /* methodSelectorViewController.m in Sources */ = {isa = PBXBuildFile; fileRef = C162E35A1D51853B00061311 /* methodSelectorViewController.m */; };
		C162E35E1D51856200061311 /* MWMethodSelector.m in Sources */ = {isa = PBXBuildFile; fileRef = C162E35D1D51856200061311 /* MWMethodSelector.m */; };
		C162E3611D51D05500061311 /* lanch5@2x.png in Resources */ = {isa = PBXBuildFile; fileRef = C162E35F1D51D05500061311 /* lanch5@2x.png */; };
		C162E3621D51D05600061311 /* launch4@2x.png in Resources */ = {isa = PBXBuildFile; fileRef = C162E3601D51D05500061311 /* launch4@2x.png */; };
		C162E3641D51DBE200061311 /* SpriteKit.framework in Frameworks */ = {isa = PBXBuildFile; fileRef = C162E3631D51DBE200061311 /* SpriteKit.framework */; };
		C165B0F11D33A14500675C94 /* caLayerViewController.m in Sources */ = {isa = PBXBuildFile; fileRef = C165B0EF1D33A14500675C94 /* caLayerViewController.m */; };
		C165B0F21D33A14500675C94 /* caLayerViewController.xib in Resources */ = {isa = PBXBuildFile; fileRef = C165B0F01D33A14500675C94 /* caLayerViewController.xib */; };
		C16858771D5AD0C80017157D /* UIButton_MWEdge.m in Sources */ = {isa = PBXBuildFile; fileRef = C16858761D5AD0C80017157D /* UIButton_MWEdge.m */; };
		C16B6BB81D4995CC00459688 /* CADisplayLinkViewController.m in Sources */ = {isa = PBXBuildFile; fileRef = C16B6BB71D4995CC00459688 /* CADisplayLinkViewController.m */; };
		C16B6BBB1D499D5E00459688 /* CAMediaTimingVC.m in Sources */ = {isa = PBXBuildFile; fileRef = C16B6BBA1D499D5E00459688 /* CAMediaTimingVC.m */; };
		C16B6BC51D49DCEA00459688 /* MWCommon.m in Sources */ = {isa = PBXBuildFile; fileRef = C16B6BC41D49DCEA00459688 /* MWCommon.m */; };
		C16B6BC81D49E48C00459688 /* iOSLearnListBundle.bundle in Resources */ = {isa = PBXBuildFile; fileRef = C16B6BC71D49E48C00459688 /* iOSLearnListBundle.bundle */; };
		C172F2411D5C777C00A8FECC /* MW_A.m in Sources */ = {isa = PBXBuildFile; fileRef = C172F2401D5C777C00A8FECC /* MW_A.m */; };
		C172F2441D5C779200A8FECC /* MW_AB.m in Sources */ = {isa = PBXBuildFile; fileRef = C172F2431D5C779200A8FECC /* MW_AB.m */; };
		C172F2471D5C77A200A8FECC /* MW_AC.m in Sources */ = {isa = PBXBuildFile; fileRef = C172F2461D5C77A200A8FECC /* MW_AC.m */; };
		C172F24A1D5C99AB00A8FECC /* runtimeViewController.m in Sources */ = {isa = PBXBuildFile; fileRef = C172F2491D5C99AB00A8FECC /* runtimeViewController.m */; };
		C172F24E1D5CAB4000A8FECC /* MWJSViewController.m in Sources */ = {isa = PBXBuildFile; fileRef = C172F24D1D5CAB4000A8FECC /* MWJSViewController.m */; };
		C172F2511D5CB62300A8FECC /* MWJSPerson.m in Sources */ = {isa = PBXBuildFile; fileRef = C172F2501D5CB62300A8FECC /* MWJSPerson.m */; };
		C18F58E31D474BEA00F95031 /* MWBaseCollectionViewController.m in Sources */ = {isa = PBXBuildFile; fileRef = C18F58E21D474BEA00F95031 /* MWBaseCollectionViewController.m */; };
		C18F58E61D475AB800F95031 /* testCollectionViewController.m in Sources */ = {isa = PBXBuildFile; fileRef = C18F58E51D475AB800F95031 /* testCollectionViewController.m */; };
		C191C7A91D52D15B0060F57A /* common-PullDownRefresh@2x.png in Resources */ = {isa = PBXBuildFile; fileRef = C191C7A81D52D15B0060F57A /* common-PullDownRefresh@2x.png */; };
		C19321061D41FA0900378778 /* MasonryViewController.m in Sources */ = {isa = PBXBuildFile; fileRef = C19321051D41FA0900378778 /* MasonryViewController.m */; };
		C19D17DF1D18D7B900E29256 /* MWBaseAnimation.m in Sources */ = {isa = PBXBuildFile; fileRef = C19D17DE1D18D7B900E29256 /* MWBaseAnimation.m */; };
		C19D17E21D18D96300E29256 /* MWBasePresentViewController.m in Sources */ = {isa = PBXBuildFile; fileRef = C19D17E11D18D96300E29256 /* MWBasePresentViewController.m */; };
		C19D17E51D18D9BA00E29256 /* MWPresentAnimation.m in Sources */ = {isa = PBXBuildFile; fileRef = C19D17E41D18D9BA00E29256 /* MWPresentAnimation.m */; };
		C1A650801CE99E75006A117B /* Timer+NotificationViewController.m in Sources */ = {isa = PBXBuildFile; fileRef = C1A6506A1CE99E75006A117B /* Timer+NotificationViewController.m */; };
		C1A650811CE99E75006A117B /* defaultNSURLSessionController.m in Sources */ = {isa = PBXBuildFile; fileRef = C1A6506F1CE99E75006A117B /* defaultNSURLSessionController.m */; };
		C1A650821CE99E75006A117B /* downloadController.m in Sources */ = {isa = PBXBuildFile; fileRef = C1A650711CE99E75006A117B /* downloadController.m */; };
		C1A650831CE99E75006A117B /* FWSessionDelegate.m in Sources */ = {isa = PBXBuildFile; fileRef = C1A650731CE99E75006A117B /* FWSessionDelegate.m */; };
		C1A650841CE99E75006A117B /* NSURLConnectionController.m in Sources */ = {isa = PBXBuildFile; fileRef = C1A650751CE99E75006A117B /* NSURLConnectionController.m */; };
		C1A650851CE99E75006A117B /* ReversibleString.m in Sources */ = {isa = PBXBuildFile; fileRef = C1A650791CE99E75006A117B /* ReversibleString.m */; };
		C1A650861CE99E75006A117B /* undoRedoViewController.m in Sources */ = {isa = PBXBuildFile; fileRef = C1A6507B1CE99E75006A117B /* undoRedoViewController.m */; };
		C1A650871CE99E75006A117B /* unRecognizeViewController.m in Sources */ = {isa = PBXBuildFile; fileRef = C1A6507D1CE99E75006A117B /* unRecognizeViewController.m */; };
		C1A6508B1CE99E8C006A117B /* SDUIImageViewController.m in Sources */ = {isa = PBXBuildFile; fileRef = C1A6508A1CE99E8C006A117B /* SDUIImageViewController.m */; };
		C1A6508E1CE99F42006A117B /* multiThreadController.m in Sources */ = {isa = PBXBuildFile; fileRef = C1A6508D1CE99F42006A117B /* multiThreadController.m */; };
		C1A650911CE99FA1006A117B /* NSObject+autoCoding.m in Sources */ = {isa = PBXBuildFile; fileRef = C1A650901CE99FA1006A117B /* NSObject+autoCoding.m */; };
		C1C8C6AF1D59C96F00059977 /* MWScrollView.m in Sources */ = {isa = PBXBuildFile; fileRef = C1C8C6AE1D59C96F00059977 /* MWScrollView.m */; };
		C1C8C6B11D59DCF900059977 /* xiala_2@2x.png in Resources */ = {isa = PBXBuildFile; fileRef = C1C8C6B01D59DCF900059977 /* xiala_2@2x.png */; };
		C1E1DBE41D546731007EE5F5 /* ArchiverViewController.m in Sources */ = {isa = PBXBuildFile; fileRef = C1E1DBE21D546731007EE5F5 /* ArchiverViewController.m */; };
		C1E1DBE51D546731007EE5F5 /* ArchiverViewController.xib in Resources */ = {isa = PBXBuildFile; fileRef = C1E1DBE31D546731007EE5F5 /* ArchiverViewController.xib */; };
		C1E36FCD1CE4231900445669 /* IndexTableViewController.m in Sources */ = {isa = PBXBuildFile; fileRef = C1E36FCC1CE4231900445669 /* IndexTableViewController.m */; };
		C1ED596E1CE5B0A200096EC7 /* ExtendMainController.m in Sources */ = {isa = PBXBuildFile; fileRef = C1ED596D1CE5B0A200096EC7 /* ExtendMainController.m */; };
		C1ED59771CE5D09100096EC7 /* BBLaunchAdMonitor.m in Sources */ = {isa = PBXBuildFile; fileRef = C1ED59761CE5D09100096EC7 /* BBLaunchAdMonitor.m */; };
/* End PBXBuildFile section */

/* Begin PBXContainerItemProxy section */
		51F68ED71CDE1905009338D6 /* PBXContainerItemProxy */ = {
			isa = PBXContainerItemProxy;
			containerPortal = 51F68EB51CDE1905009338D6 /* Project object */;
			proxyType = 1;
			remoteGlobalIDString = 51F68EBC1CDE1905009338D6;
			remoteInfo = iOSLearnList;
		};
		51F68EE21CDE1905009338D6 /* PBXContainerItemProxy */ = {
			isa = PBXContainerItemProxy;
			containerPortal = 51F68EB51CDE1905009338D6 /* Project object */;
			proxyType = 1;
			remoteGlobalIDString = 51F68EBC1CDE1905009338D6;
			remoteInfo = iOSLearnList;
		};
/* End PBXContainerItemProxy section */

/* Begin PBXFileReference section */
		016DB9FEC94EA9524F78187B /* Pods-iOSLearnListTests.debug.xcconfig */ = {isa = PBXFileReference; includeInIndex = 1; lastKnownFileType = text.xcconfig; name = "Pods-iOSLearnListTests.debug.xcconfig"; path = "Pods/Target Support Files/Pods-iOSLearnListTests/Pods-iOSLearnListTests.debug.xcconfig"; sourceTree = "<group>"; };
		183FB7427D25D872AE632CA9 /* Pods-iOSLearnList.debug.xcconfig */ = {isa = PBXFileReference; includeInIndex = 1; lastKnownFileType = text.xcconfig; name = "Pods-iOSLearnList.debug.xcconfig"; path = "Pods/Target Support Files/Pods-iOSLearnList/Pods-iOSLearnList.debug.xcconfig"; sourceTree = "<group>"; };
		19E1B844205498E3F8F2045F /* Pods-iOSLearnListUITests.release.xcconfig */ = {isa = PBXFileReference; includeInIndex = 1; lastKnownFileType = text.xcconfig; name = "Pods-iOSLearnListUITests.release.xcconfig"; path = "Pods/Target Support Files/Pods-iOSLearnListUITests/Pods-iOSLearnListUITests.release.xcconfig"; sourceTree = "<group>"; };
		291F77B8319A93603B07A0C0 /* libPods-iOSLearnListTests.a */ = {isa = PBXFileReference; explicitFileType = archive.ar; includeInIndex = 0; path = "libPods-iOSLearnListTests.a"; sourceTree = BUILT_PRODUCTS_DIR; };
		519785F81D04189A00DF3981 /* autolayoutCellCtl.h */ = {isa = PBXFileReference; fileEncoding = 4; lastKnownFileType = sourcecode.c.h; path = autolayoutCellCtl.h; sourceTree = "<group>"; };
		519785F91D04189A00DF3981 /* autolayoutCellCtl.m */ = {isa = PBXFileReference; fileEncoding = 4; lastKnownFileType = sourcecode.c.objc; path = autolayoutCellCtl.m; sourceTree = "<group>"; };
		519785FC1D0418E200DF3981 /* autolayoutCell.h */ = {isa = PBXFileReference; fileEncoding = 4; lastKnownFileType = sourcecode.c.h; path = autolayoutCell.h; sourceTree = "<group>"; };
		519785FD1D0418E200DF3981 /* autolayoutCell.m */ = {isa = PBXFileReference; fileEncoding = 4; lastKnownFileType = sourcecode.c.objc; path = autolayoutCell.m; sourceTree = "<group>"; };
		519785FE1D0418E200DF3981 /* autolayoutCell.xib */ = {isa = PBXFileReference; fileEncoding = 4; lastKnownFileType = file.xib; path = autolayoutCell.xib; sourceTree = "<group>"; };
		519EB5AA1CE85894002CB3AE /* zh-Hans */ = {isa = PBXFileReference; lastKnownFileType = text.plist.strings; name = "zh-Hans"; path = "zh-Hans.lproj/Main.strings"; sourceTree = "<group>"; };
		519EB5AB1CE85894002CB3AE /* zh-Hans */ = {isa = PBXFileReference; lastKnownFileType = text.plist.strings; name = "zh-Hans"; path = "zh-Hans.lproj/LaunchScreen.strings"; sourceTree = "<group>"; };
		519EB5B11CE85BCC002CB3AE /* en */ = {isa = PBXFileReference; lastKnownFileType = text.plist.strings; name = en; path = en.lproj/myLanguage.strings; sourceTree = "<group>"; };
		519EB5B31CE85BCE002CB3AE /* zh-Hans */ = {isa = PBXFileReference; lastKnownFileType = text.plist.strings; name = "zh-Hans"; path = "zh-Hans.lproj/myLanguage.strings"; sourceTree = "<group>"; };
		519EB5B71CE85C03002CB3AE /* en */ = {isa = PBXFileReference; lastKnownFileType = text.plist.strings; name = en; path = en.lproj/InfoPlist.strings; sourceTree = "<group>"; };
		519EB5B91CE85C05002CB3AE /* zh-Hans */ = {isa = PBXFileReference; lastKnownFileType = text.plist.strings; name = "zh-Hans"; path = "zh-Hans.lproj/InfoPlist.strings"; sourceTree = "<group>"; };
		519EB5BD1CE85C88002CB3AE /* en */ = {isa = PBXFileReference; lastKnownFileType = text.plist.strings; name = en; path = en.lproj/Localizable.strings; sourceTree = "<group>"; };
		519EB5BF1CE85C8A002CB3AE /* zh-Hans */ = {isa = PBXFileReference; lastKnownFileType = text.plist.strings; name = "zh-Hans"; path = "zh-Hans.lproj/Localizable.strings"; sourceTree = "<group>"; };
		51F5BEF41D28A28C000641A7 /* myBundleFrame.h */ = {isa = PBXFileReference; fileEncoding = 4; lastKnownFileType = sourcecode.c.h; path = myBundleFrame.h; sourceTree = "<group>"; };
		51F5BEF51D28A308000641A7 /* mergedBundleFrame.a */ = {isa = PBXFileReference; lastKnownFileType = archive.ar; path = mergedBundleFrame.a; sourceTree = "<group>"; };
		51F68EBD1CDE1905009338D6 /* iOSLearnList.app */ = {isa = PBXFileReference; explicitFileType = wrapper.application; includeInIndex = 0; path = iOSLearnList.app; sourceTree = BUILT_PRODUCTS_DIR; };
		51F68EC11CDE1905009338D6 /* main.m */ = {isa = PBXFileReference; lastKnownFileType = sourcecode.c.objc; path = main.m; sourceTree = "<group>"; };
		51F68EC31CDE1905009338D6 /* AppDelegate.h */ = {isa = PBXFileReference; lastKnownFileType = sourcecode.c.h; path = AppDelegate.h; sourceTree = "<group>"; };
		51F68EC41CDE1905009338D6 /* AppDelegate.m */ = {isa = PBXFileReference; lastKnownFileType = sourcecode.c.objc; path = AppDelegate.m; sourceTree = "<group>"; };
		51F68ECA1CDE1905009338D6 /* Base */ = {isa = PBXFileReference; lastKnownFileType = file.storyboard; name = Base; path = Base.lproj/Main.storyboard; sourceTree = "<group>"; };
		51F68ECC1CDE1905009338D6 /* Assets.xcassets */ = {isa = PBXFileReference; lastKnownFileType = folder.assetcatalog; path = Assets.xcassets; sourceTree = "<group>"; };
		51F68ECF1CDE1905009338D6 /* Base */ = {isa = PBXFileReference; lastKnownFileType = file.storyboard; name = Base; path = Base.lproj/LaunchScreen.storyboard; sourceTree = "<group>"; };
		51F68ED11CDE1905009338D6 /* Info.plist */ = {isa = PBXFileReference; lastKnownFileType = text.plist.xml; path = Info.plist; sourceTree = "<group>"; };
		51F68ED61CDE1905009338D6 /* iOSLearnListTests.xctest */ = {isa = PBXFileReference; explicitFileType = wrapper.cfbundle; includeInIndex = 0; path = iOSLearnListTests.xctest; sourceTree = BUILT_PRODUCTS_DIR; };
		51F68EDA1CDE1905009338D6 /* iOSLearnListTests.m */ = {isa = PBXFileReference; lastKnownFileType = sourcecode.c.objc; path = iOSLearnListTests.m; sourceTree = "<group>"; };
		51F68EDC1CDE1905009338D6 /* Info.plist */ = {isa = PBXFileReference; lastKnownFileType = text.plist.xml; path = Info.plist; sourceTree = "<group>"; };
		51F68EE11CDE1905009338D6 /* iOSLearnListUITests.xctest */ = {isa = PBXFileReference; explicitFileType = wrapper.cfbundle; includeInIndex = 0; path = iOSLearnListUITests.xctest; sourceTree = BUILT_PRODUCTS_DIR; };
		51F68EE51CDE1905009338D6 /* iOSLearnListUITests.m */ = {isa = PBXFileReference; lastKnownFileType = sourcecode.c.objc; path = iOSLearnListUITests.m; sourceTree = "<group>"; };
		51F68EE71CDE1905009338D6 /* Info.plist */ = {isa = PBXFileReference; lastKnownFileType = text.plist.xml; path = Info.plist; sourceTree = "<group>"; };
		51FAA2EE1CECB49A0050E75E /* myTableViewController.h */ = {isa = PBXFileReference; fileEncoding = 4; lastKnownFileType = sourcecode.c.h; path = myTableViewController.h; sourceTree = "<group>"; };
		51FAA2EF1CECB49A0050E75E /* myTableViewController.m */ = {isa = PBXFileReference; fileEncoding = 4; lastKnownFileType = sourcecode.c.objc; path = myTableViewController.m; sourceTree = "<group>"; };
		51FAA2F11CECB5750050E75E /* collectionViewController.h */ = {isa = PBXFileReference; fileEncoding = 4; lastKnownFileType = sourcecode.c.h; path = collectionViewController.h; sourceTree = "<group>"; };
		51FAA2F21CECB5750050E75E /* collectionViewController.m */ = {isa = PBXFileReference; fileEncoding = 4; lastKnownFileType = sourcecode.c.objc; path = collectionViewController.m; sourceTree = "<group>"; };
		63EFAA2436F06E52B0476304 /* libPods-iOSLearnList.a */ = {isa = PBXFileReference; explicitFileType = archive.ar; includeInIndex = 0; path = "libPods-iOSLearnList.a"; sourceTree = BUILT_PRODUCTS_DIR; };
		74B9DFAC62EA14D70A708C4B /* Pods-iOSLearnListTests.adhoc.xcconfig */ = {isa = PBXFileReference; includeInIndex = 1; lastKnownFileType = text.xcconfig; name = "Pods-iOSLearnListTests.adhoc.xcconfig"; path = "Pods/Target Support Files/Pods-iOSLearnListTests/Pods-iOSLearnListTests.adhoc.xcconfig"; sourceTree = "<group>"; };
		7778427D6BFE970E4A490F58 /* libPods-iOSLearnListUITests.a */ = {isa = PBXFileReference; explicitFileType = archive.ar; includeInIndex = 0; path = "libPods-iOSLearnListUITests.a"; sourceTree = BUILT_PRODUCTS_DIR; };
		973B2D6CFF65EAF53BEEEDF9 /* Pods-iOSLearnListUITests.adhoc.xcconfig */ = {isa = PBXFileReference; includeInIndex = 1; lastKnownFileType = text.xcconfig; name = "Pods-iOSLearnListUITests.adhoc.xcconfig"; path = "Pods/Target Support Files/Pods-iOSLearnListUITests/Pods-iOSLearnListUITests.adhoc.xcconfig"; sourceTree = "<group>"; };
		C1209B141CF53C0800182559 /* Configuration.plist */ = {isa = PBXFileReference; fileEncoding = 4; lastKnownFileType = text.plist.xml; name = Configuration.plist; path = AdHoc/Configuration.plist; sourceTree = "<group>"; };
		C1209B161CF53C3000182559 /* Configuration.plist */ = {isa = PBXFileReference; fileEncoding = 4; lastKnownFileType = text.plist.xml; name = Configuration.plist; path = Debug/Configuration.plist; sourceTree = "<group>"; };
		C1209B181CF53C4800182559 /* Configuration.plist */ = {isa = PBXFileReference; fileEncoding = 4; lastKnownFileType = text.plist.xml; name = Configuration.plist; path = Release/Configuration.plist; sourceTree = "<group>"; };
		C1209B1C1CF53EED00182559 /* configViewController.h */ = {isa = PBXFileReference; fileEncoding = 4; lastKnownFileType = sourcecode.c.h; path = configViewController.h; sourceTree = "<group>"; };
		C1209B1D1CF53EED00182559 /* configViewController.m */ = {isa = PBXFileReference; fileEncoding = 4; lastKnownFileType = sourcecode.c.objc; path = configViewController.m; sourceTree = "<group>"; };
		C1209B201CF53F2900182559 /* ConfigCommon.h */ = {isa = PBXFileReference; fileEncoding = 4; lastKnownFileType = sourcecode.c.h; path = ConfigCommon.h; sourceTree = "<group>"; };
		C1209B211CF53F2900182559 /* ConfigCommon.m */ = {isa = PBXFileReference; fileEncoding = 4; lastKnownFileType = sourcecode.c.objc; path = ConfigCommon.m; sourceTree = "<group>"; };
		C12F1EF21D4A199400A2D984 /* MWDrawingViewController.h */ = {isa = PBXFileReference; fileEncoding = 4; lastKnownFileType = sourcecode.c.h; path = MWDrawingViewController.h; sourceTree = "<group>"; };
		C12F1EF31D4A199400A2D984 /* MWDrawingViewController.m */ = {isa = PBXFileReference; fileEncoding = 4; lastKnownFileType = sourcecode.c.objc; path = MWDrawingViewController.m; sourceTree = "<group>"; };
		C156DDB91D4897CA004CD422 /* AdvancedViewController.h */ = {isa = PBXFileReference; fileEncoding = 4; lastKnownFileType = sourcecode.c.h; path = AdvancedViewController.h; sourceTree = "<group>"; };
		C156DDBA1D4897CA004CD422 /* AdvancedViewController.m */ = {isa = PBXFileReference; fileEncoding = 4; lastKnownFileType = sourcecode.c.objc; path = AdvancedViewController.m; sourceTree = "<group>"; };
		C156DDBD1D4898FF004CD422 /* AnimationListViewController.h */ = {isa = PBXFileReference; fileEncoding = 4; lastKnownFileType = sourcecode.c.h; path = AnimationListViewController.h; sourceTree = "<group>"; };
		C156DDBE1D4898FF004CD422 /* AnimationListViewController.m */ = {isa = PBXFileReference; fileEncoding = 4; lastKnownFileType = sourcecode.c.objc; path = AnimationListViewController.m; sourceTree = "<group>"; };
		C156DDC01D4899E5004CD422 /* CAMediaTimingFunctionVC.h */ = {isa = PBXFileReference; fileEncoding = 4; lastKnownFileType = sourcecode.c.h; path = CAMediaTimingFunctionVC.h; sourceTree = "<group>"; };
		C156DDC11D4899E5004CD422 /* CAMediaTimingFunctionVC.m */ = {isa = PBXFileReference; fileEncoding = 4; lastKnownFileType = sourcecode.c.objc; path = CAMediaTimingFunctionVC.m; sourceTree = "<group>"; };
		C156DDC31D48B98E004CD422 /* TimerAnimationViewController.h */ = {isa = PBXFileReference; fileEncoding = 4; lastKnownFileType = sourcecode.c.h; path = TimerAnimationViewController.h; sourceTree = "<group>"; };
		C156DDC41D48B98E004CD422 /* TimerAnimationViewController.m */ = {isa = PBXFileReference; fileEncoding = 4; lastKnownFileType = sourcecode.c.objc; path = TimerAnimationViewController.m; sourceTree = "<group>"; };
		C15F15431D45B16C00392D95 /* BaseMainViewController.h */ = {isa = PBXFileReference; fileEncoding = 4; lastKnownFileType = sourcecode.c.h; path = BaseMainViewController.h; sourceTree = "<group>"; };
		C15F15441D45B16C00392D95 /* BaseMainViewController.m */ = {isa = PBXFileReference; fileEncoding = 4; lastKnownFileType = sourcecode.c.objc; path = BaseMainViewController.m; sourceTree = "<group>"; };
		C15F15491D45B43E00392D95 /* UIBaseViewController.h */ = {isa = PBXFileReference; fileEncoding = 4; lastKnownFileType = sourcecode.c.h; path = UIBaseViewController.h; sourceTree = "<group>"; };
		C15F154A1D45B43E00392D95 /* UIBaseViewController.m */ = {isa = PBXFileReference; fileEncoding = 4; lastKnownFileType = sourcecode.c.objc; path = UIBaseViewController.m; sourceTree = "<group>"; };
		C15F154C1D45B74D00392D95 /* SysBaseViewController.h */ = {isa = PBXFileReference; fileEncoding = 4; lastKnownFileType = sourcecode.c.h; path = SysBaseViewController.h; sourceTree = "<group>"; };
		C15F154D1D45B74D00392D95 /* SysBaseViewController.m */ = {isa = PBXFileReference; fileEncoding = 4; lastKnownFileType = sourcecode.c.objc; path = SysBaseViewController.m; sourceTree = "<group>"; };
		C15F154F1D45B76100392D95 /* ObjBaseViewController.h */ = {isa = PBXFileReference; fileEncoding = 4; lastKnownFileType = sourcecode.c.h; path = ObjBaseViewController.h; sourceTree = "<group>"; };
		C15F15501D45B76100392D95 /* ObjBaseViewController.m */ = {isa = PBXFileReference; fileEncoding = 4; lastKnownFileType = sourcecode.c.objc; path = ObjBaseViewController.m; sourceTree = "<group>"; };
		C15F15521D45B8D700392D95 /* MWBaseViewController.h */ = {isa = PBXFileReference; fileEncoding = 4; lastKnownFileType = sourcecode.c.h; path = MWBaseViewController.h; sourceTree = "<group>"; };
		C15F15531D45B8D700392D95 /* MWBaseViewController.m */ = {isa = PBXFileReference; fileEncoding = 4; lastKnownFileType = sourcecode.c.objc; path = MWBaseViewController.m; sourceTree = "<group>"; };
		C15F15551D45C65700392D95 /* KVOViewController.h */ = {isa = PBXFileReference; fileEncoding = 4; lastKnownFileType = sourcecode.c.h; path = KVOViewController.h; sourceTree = "<group>"; };
		C15F15561D45C65700392D95 /* KVOViewController.m */ = {isa = PBXFileReference; fileEncoding = 4; lastKnownFileType = sourcecode.c.objc; path = KVOViewController.m; sourceTree = "<group>"; };
		C15F15581D45E92300392D95 /* MethodSignatureViewController.h */ = {isa = PBXFileReference; fileEncoding = 4; lastKnownFileType = sourcecode.c.h; path = MethodSignatureViewController.h; sourceTree = "<group>"; };
		C15F15591D45E92300392D95 /* MethodSignatureViewController.m */ = {isa = PBXFileReference; fileEncoding = 4; lastKnownFileType = sourcecode.c.objc; path = MethodSignatureViewController.m; sourceTree = "<group>"; };
		C15F155B1D45EB7800392D95 /* OBJModel.h */ = {isa = PBXFileReference; fileEncoding = 4; lastKnownFileType = sourcecode.c.h; path = OBJModel.h; sourceTree = "<group>"; };
		C15F155C1D45EB7800392D95 /* OBJModel.m */ = {isa = PBXFileReference; fileEncoding = 4; lastKnownFileType = sourcecode.c.objc; path = OBJModel.m; sourceTree = "<group>"; };
		C15F155E1D4604CF00392D95 /* SearchBarVC.h */ = {isa = PBXFileReference; fileEncoding = 4; lastKnownFileType = sourcecode.c.h; path = SearchBarVC.h; sourceTree = "<group>"; };
		C15F155F1D4604CF00392D95 /* SearchBarVC.m */ = {isa = PBXFileReference; fileEncoding = 4; lastKnownFileType = sourcecode.c.objc; path = SearchBarVC.m; sourceTree = "<group>"; };
		C162E3591D51853B00061311 /* methodSelectorViewController.h */ = {isa = PBXFileReference; fileEncoding = 4; lastKnownFileType = sourcecode.c.h; path = methodSelectorViewController.h; sourceTree = "<group>"; };
		C162E35A1D51853B00061311 /* methodSelectorViewController.m */ = {isa = PBXFileReference; fileEncoding = 4; lastKnownFileType = sourcecode.c.objc; path = methodSelectorViewController.m; sourceTree = "<group>"; };
		C162E35C1D51856200061311 /* MWMethodSelector.h */ = {isa = PBXFileReference; fileEncoding = 4; lastKnownFileType = sourcecode.c.h; path = MWMethodSelector.h; sourceTree = "<group>"; };
		C162E35D1D51856200061311 /* MWMethodSelector.m */ = {isa = PBXFileReference; fileEncoding = 4; lastKnownFileType = sourcecode.c.objc; path = MWMethodSelector.m; sourceTree = "<group>"; };
		C162E35F1D51D05500061311 /* lanch5@2x.png */ = {isa = PBXFileReference; lastKnownFileType = image.png; path = "lanch5@2x.png"; sourceTree = "<group>"; };
		C162E3601D51D05500061311 /* launch4@2x.png */ = {isa = PBXFileReference; lastKnownFileType = image.png; path = "launch4@2x.png"; sourceTree = "<group>"; };
		C162E3631D51DBE200061311 /* SpriteKit.framework */ = {isa = PBXFileReference; lastKnownFileType = wrapper.framework; name = SpriteKit.framework; path = System/Library/Frameworks/SpriteKit.framework; sourceTree = SDKROOT; };
		C165B0EE1D33A14500675C94 /* caLayerViewController.h */ = {isa = PBXFileReference; fileEncoding = 4; lastKnownFileType = sourcecode.c.h; path = caLayerViewController.h; sourceTree = "<group>"; };
		C165B0EF1D33A14500675C94 /* caLayerViewController.m */ = {isa = PBXFileReference; fileEncoding = 4; lastKnownFileType = sourcecode.c.objc; path = caLayerViewController.m; sourceTree = "<group>"; };
		C165B0F01D33A14500675C94 /* caLayerViewController.xib */ = {isa = PBXFileReference; fileEncoding = 4; lastKnownFileType = file.xib; path = caLayerViewController.xib; sourceTree = "<group>"; };
		C16858751D5AD0C80017157D /* UIButton_MWEdge.h */ = {isa = PBXFileReference; fileEncoding = 4; lastKnownFileType = sourcecode.c.h; path = UIButton_MWEdge.h; sourceTree = "<group>"; };
		C16858761D5AD0C80017157D /* UIButton_MWEdge.m */ = {isa = PBXFileReference; fileEncoding = 4; lastKnownFileType = sourcecode.c.objc; path = UIButton_MWEdge.m; sourceTree = "<group>"; };
		C16B6BB61D4995CC00459688 /* CADisplayLinkViewController.h */ = {isa = PBXFileReference; fileEncoding = 4; lastKnownFileType = sourcecode.c.h; path = CADisplayLinkViewController.h; sourceTree = "<group>"; };
		C16B6BB71D4995CC00459688 /* CADisplayLinkViewController.m */ = {isa = PBXFileReference; fileEncoding = 4; lastKnownFileType = sourcecode.c.objc; path = CADisplayLinkViewController.m; sourceTree = "<group>"; };
		C16B6BB91D499D5E00459688 /* CAMediaTimingVC.h */ = {isa = PBXFileReference; fileEncoding = 4; lastKnownFileType = sourcecode.c.h; path = CAMediaTimingVC.h; sourceTree = "<group>"; };
		C16B6BBA1D499D5E00459688 /* CAMediaTimingVC.m */ = {isa = PBXFileReference; fileEncoding = 4; lastKnownFileType = sourcecode.c.objc; path = CAMediaTimingVC.m; sourceTree = "<group>"; };
		C16B6BC31D49DCEA00459688 /* MWCommon.h */ = {isa = PBXFileReference; fileEncoding = 4; lastKnownFileType = sourcecode.c.h; path = MWCommon.h; sourceTree = "<group>"; };
		C16B6BC41D49DCEA00459688 /* MWCommon.m */ = {isa = PBXFileReference; fileEncoding = 4; lastKnownFileType = sourcecode.c.objc; path = MWCommon.m; sourceTree = "<group>"; };
		C16B6BC71D49E48C00459688 /* iOSLearnListBundle.bundle */ = {isa = PBXFileReference; lastKnownFileType = "wrapper.plug-in"; path = iOSLearnListBundle.bundle; sourceTree = "<group>"; };
		C16B6BC91D49EBE400459688 /* iOSLearnList.pch */ = {isa = PBXFileReference; fileEncoding = 4; lastKnownFileType = sourcecode.c.h; path = iOSLearnList.pch; sourceTree = "<group>"; };
		C172F23F1D5C777C00A8FECC /* MW_A.h */ = {isa = PBXFileReference; fileEncoding = 4; lastKnownFileType = sourcecode.c.h; path = MW_A.h; sourceTree = "<group>"; };
		C172F2401D5C777C00A8FECC /* MW_A.m */ = {isa = PBXFileReference; fileEncoding = 4; lastKnownFileType = sourcecode.c.objc; path = MW_A.m; sourceTree = "<group>"; };
		C172F2421D5C779200A8FECC /* MW_AB.h */ = {isa = PBXFileReference; fileEncoding = 4; lastKnownFileType = sourcecode.c.h; path = MW_AB.h; sourceTree = "<group>"; };
		C172F2431D5C779200A8FECC /* MW_AB.m */ = {isa = PBXFileReference; fileEncoding = 4; lastKnownFileType = sourcecode.c.objc; path = MW_AB.m; sourceTree = "<group>"; };
		C172F2451D5C77A200A8FECC /* MW_AC.h */ = {isa = PBXFileReference; fileEncoding = 4; lastKnownFileType = sourcecode.c.h; path = MW_AC.h; sourceTree = "<group>"; };
		C172F2461D5C77A200A8FECC /* MW_AC.m */ = {isa = PBXFileReference; fileEncoding = 4; lastKnownFileType = sourcecode.c.objc; path = MW_AC.m; sourceTree = "<group>"; };
		C172F2481D5C99AB00A8FECC /* runtimeViewController.h */ = {isa = PBXFileReference; fileEncoding = 4; lastKnownFileType = sourcecode.c.h; path = runtimeViewController.h; sourceTree = "<group>"; };
		C172F2491D5C99AB00A8FECC /* runtimeViewController.m */ = {isa = PBXFileReference; fileEncoding = 4; lastKnownFileType = sourcecode.c.objc; path = runtimeViewController.m; sourceTree = "<group>"; };
		C172F24C1D5CAB4000A8FECC /* MWJSViewController.h */ = {isa = PBXFileReference; fileEncoding = 4; lastKnownFileType = sourcecode.c.h; path = MWJSViewController.h; sourceTree = "<group>"; };
		C172F24D1D5CAB4000A8FECC /* MWJSViewController.m */ = {isa = PBXFileReference; fileEncoding = 4; lastKnownFileType = sourcecode.c.objc; path = MWJSViewController.m; sourceTree = "<group>"; };
		C172F24F1D5CB62300A8FECC /* MWJSPerson.h */ = {isa = PBXFileReference; fileEncoding = 4; lastKnownFileType = sourcecode.c.h; path = MWJSPerson.h; sourceTree = "<group>"; };
		C172F2501D5CB62300A8FECC /* MWJSPerson.m */ = {isa = PBXFileReference; fileEncoding = 4; lastKnownFileType = sourcecode.c.objc; path = MWJSPerson.m; sourceTree = "<group>"; };
		C18F58E11D474BEA00F95031 /* MWBaseCollectionViewController.h */ = {isa = PBXFileReference; fileEncoding = 4; lastKnownFileType = sourcecode.c.h; path = MWBaseCollectionViewController.h; sourceTree = "<group>"; };
		C18F58E21D474BEA00F95031 /* MWBaseCollectionViewController.m */ = {isa = PBXFileReference; fileEncoding = 4; lastKnownFileType = sourcecode.c.objc; path = MWBaseCollectionViewController.m; sourceTree = "<group>"; };
		C18F58E41D475AB800F95031 /* testCollectionViewController.h */ = {isa = PBXFileReference; fileEncoding = 4; lastKnownFileType = sourcecode.c.h; path = testCollectionViewController.h; sourceTree = "<group>"; };
		C18F58E51D475AB800F95031 /* testCollectionViewController.m */ = {isa = PBXFileReference; fileEncoding = 4; lastKnownFileType = sourcecode.c.objc; path = testCollectionViewController.m; sourceTree = "<group>"; };
		C191C7A81D52D15B0060F57A /* common-PullDownRefresh@2x.png */ = {isa = PBXFileReference; lastKnownFileType = image.png; name = "common-PullDownRefresh@2x.png"; path = "../../../../../../../../../Volumes/VM11Disk/SDPCode/elearn_traincert/Pods/elearn_exam/elearn_examBundle.bundle/common-PullDownRefresh@2x.png"; sourceTree = "<group>"; };
		C19321041D41FA0900378778 /* MasonryViewController.h */ = {isa = PBXFileReference; fileEncoding = 4; lastKnownFileType = sourcecode.c.h; path = MasonryViewController.h; sourceTree = "<group>"; };
		C19321051D41FA0900378778 /* MasonryViewController.m */ = {isa = PBXFileReference; fileEncoding = 4; lastKnownFileType = sourcecode.c.objc; path = MasonryViewController.m; sourceTree = "<group>"; };
		C19D17DD1D18D7B900E29256 /* MWBaseAnimation.h */ = {isa = PBXFileReference; fileEncoding = 4; lastKnownFileType = sourcecode.c.h; path = MWBaseAnimation.h; sourceTree = "<group>"; };
		C19D17DE1D18D7B900E29256 /* MWBaseAnimation.m */ = {isa = PBXFileReference; fileEncoding = 4; lastKnownFileType = sourcecode.c.objc; path = MWBaseAnimation.m; sourceTree = "<group>"; };
		C19D17E01D18D96200E29256 /* MWBasePresentViewController.h */ = {isa = PBXFileReference; fileEncoding = 4; lastKnownFileType = sourcecode.c.h; path = MWBasePresentViewController.h; sourceTree = "<group>"; };
		C19D17E11D18D96300E29256 /* MWBasePresentViewController.m */ = {isa = PBXFileReference; fileEncoding = 4; lastKnownFileType = sourcecode.c.objc; path = MWBasePresentViewController.m; sourceTree = "<group>"; };
		C19D17E31D18D9BA00E29256 /* MWPresentAnimation.h */ = {isa = PBXFileReference; fileEncoding = 4; lastKnownFileType = sourcecode.c.h; path = MWPresentAnimation.h; sourceTree = "<group>"; };
		C19D17E41D18D9BA00E29256 /* MWPresentAnimation.m */ = {isa = PBXFileReference; fileEncoding = 4; lastKnownFileType = sourcecode.c.objc; path = MWPresentAnimation.m; sourceTree = "<group>"; };
		C1A650691CE99E75006A117B /* Timer+NotificationViewController.h */ = {isa = PBXFileReference; fileEncoding = 4; lastKnownFileType = sourcecode.c.h; name = "Timer+NotificationViewController.h"; path = "../../../Advanced/iOSSystem/controller/Timer+NotificationViewController.h"; sourceTree = "<group>"; };
		C1A6506A1CE99E75006A117B /* Timer+NotificationViewController.m */ = {isa = PBXFileReference; fileEncoding = 4; lastKnownFileType = sourcecode.c.objc; name = "Timer+NotificationViewController.m"; path = "../../../Advanced/iOSSystem/controller/Timer+NotificationViewController.m"; sourceTree = "<group>"; };
		C1A6506E1CE99E75006A117B /* defaultNSURLSessionController.h */ = {isa = PBXFileReference; fileEncoding = 4; lastKnownFileType = sourcecode.c.h; path = defaultNSURLSessionController.h; sourceTree = "<group>"; };
		C1A6506F1CE99E75006A117B /* defaultNSURLSessionController.m */ = {isa = PBXFileReference; fileEncoding = 4; lastKnownFileType = sourcecode.c.objc; path = defaultNSURLSessionController.m; sourceTree = "<group>"; };
		C1A650701CE99E75006A117B /* downloadController.h */ = {isa = PBXFileReference; fileEncoding = 4; lastKnownFileType = sourcecode.c.h; path = downloadController.h; sourceTree = "<group>"; };
		C1A650711CE99E75006A117B /* downloadController.m */ = {isa = PBXFileReference; fileEncoding = 4; lastKnownFileType = sourcecode.c.objc; path = downloadController.m; sourceTree = "<group>"; };
		C1A650721CE99E75006A117B /* FWSessionDelegate.h */ = {isa = PBXFileReference; fileEncoding = 4; lastKnownFileType = sourcecode.c.h; path = FWSessionDelegate.h; sourceTree = "<group>"; };
		C1A650731CE99E75006A117B /* FWSessionDelegate.m */ = {isa = PBXFileReference; fileEncoding = 4; lastKnownFileType = sourcecode.c.objc; path = FWSessionDelegate.m; sourceTree = "<group>"; };
		C1A650741CE99E75006A117B /* NSURLConnectionController.h */ = {isa = PBXFileReference; fileEncoding = 4; lastKnownFileType = sourcecode.c.h; path = NSURLConnectionController.h; sourceTree = "<group>"; };
		C1A650751CE99E75006A117B /* NSURLConnectionController.m */ = {isa = PBXFileReference; fileEncoding = 4; lastKnownFileType = sourcecode.c.objc; path = NSURLConnectionController.m; sourceTree = "<group>"; };
		C1A650781CE99E75006A117B /* ReversibleString.h */ = {isa = PBXFileReference; fileEncoding = 4; lastKnownFileType = sourcecode.c.h; path = ReversibleString.h; sourceTree = "<group>"; };
		C1A650791CE99E75006A117B /* ReversibleString.m */ = {isa = PBXFileReference; fileEncoding = 4; lastKnownFileType = sourcecode.c.objc; path = ReversibleString.m; sourceTree = "<group>"; };
		C1A6507A1CE99E75006A117B /* undoRedoViewController.h */ = {isa = PBXFileReference; fileEncoding = 4; lastKnownFileType = sourcecode.c.h; path = undoRedoViewController.h; sourceTree = "<group>"; };
		C1A6507B1CE99E75006A117B /* undoRedoViewController.m */ = {isa = PBXFileReference; fileEncoding = 4; lastKnownFileType = sourcecode.c.objc; path = undoRedoViewController.m; sourceTree = "<group>"; };
		C1A6507C1CE99E75006A117B /* unRecognizeViewController.h */ = {isa = PBXFileReference; fileEncoding = 4; lastKnownFileType = sourcecode.c.h; path = unRecognizeViewController.h; sourceTree = "<group>"; };
		C1A6507D1CE99E75006A117B /* unRecognizeViewController.m */ = {isa = PBXFileReference; fileEncoding = 4; lastKnownFileType = sourcecode.c.objc; path = unRecognizeViewController.m; sourceTree = "<group>"; };
		C1A650891CE99E8C006A117B /* SDUIImageViewController.h */ = {isa = PBXFileReference; fileEncoding = 4; lastKnownFileType = sourcecode.c.h; path = SDUIImageViewController.h; sourceTree = "<group>"; };
		C1A6508A1CE99E8C006A117B /* SDUIImageViewController.m */ = {isa = PBXFileReference; fileEncoding = 4; lastKnownFileType = sourcecode.c.objc; path = SDUIImageViewController.m; sourceTree = "<group>"; };
		C1A6508C1CE99F42006A117B /* multiThreadController.h */ = {isa = PBXFileReference; fileEncoding = 4; lastKnownFileType = sourcecode.c.h; name = multiThreadController.h; path = ../../../Advanced/iOSSystem/controller/multiThreadController.h; sourceTree = "<group>"; };
		C1A6508D1CE99F42006A117B /* multiThreadController.m */ = {isa = PBXFileReference; fileEncoding = 4; lastKnownFileType = sourcecode.c.objc; name = multiThreadController.m; path = ../../../Advanced/iOSSystem/controller/multiThreadController.m; sourceTree = "<group>"; };
		C1A6508F1CE99FA1006A117B /* NSObject+autoCoding.h */ = {isa = PBXFileReference; fileEncoding = 4; lastKnownFileType = sourcecode.c.h; path = "NSObject+autoCoding.h"; sourceTree = "<group>"; };
		C1A650901CE99FA1006A117B /* NSObject+autoCoding.m */ = {isa = PBXFileReference; fileEncoding = 4; lastKnownFileType = sourcecode.c.objc; path = "NSObject+autoCoding.m"; sourceTree = "<group>"; };
		C1C8C6AD1D59C96F00059977 /* MWScrollView.h */ = {isa = PBXFileReference; fileEncoding = 4; lastKnownFileType = sourcecode.c.h; path = MWScrollView.h; sourceTree = "<group>"; };
		C1C8C6AE1D59C96F00059977 /* MWScrollView.m */ = {isa = PBXFileReference; fileEncoding = 4; lastKnownFileType = sourcecode.c.objc; path = MWScrollView.m; sourceTree = "<group>"; };
		C1C8C6B01D59DCF900059977 /* xiala_2@2x.png */ = {isa = PBXFileReference; lastKnownFileType = image.png; path = "xiala_2@2x.png"; sourceTree = "<group>"; };
		C1E1DBE11D546731007EE5F5 /* ArchiverViewController.h */ = {isa = PBXFileReference; fileEncoding = 4; lastKnownFileType = sourcecode.c.h; path = ArchiverViewController.h; sourceTree = "<group>"; };
		C1E1DBE21D546731007EE5F5 /* ArchiverViewController.m */ = {isa = PBXFileReference; fileEncoding = 4; lastKnownFileType = sourcecode.c.objc; path = ArchiverViewController.m; sourceTree = "<group>"; };
		C1E1DBE31D546731007EE5F5 /* ArchiverViewController.xib */ = {isa = PBXFileReference; fileEncoding = 4; lastKnownFileType = file.xib; path = ArchiverViewController.xib; sourceTree = "<group>"; };
		C1E36FCB1CE4231900445669 /* IndexTableViewController.h */ = {isa = PBXFileReference; fileEncoding = 4; lastKnownFileType = sourcecode.c.h; path = IndexTableViewController.h; sourceTree = "<group>"; };
		C1E36FCC1CE4231900445669 /* IndexTableViewController.m */ = {isa = PBXFileReference; fileEncoding = 4; lastKnownFileType = sourcecode.c.objc; path = IndexTableViewController.m; sourceTree = "<group>"; };
		C1ED596C1CE5B0A200096EC7 /* ExtendMainController.h */ = {isa = PBXFileReference; fileEncoding = 4; lastKnownFileType = sourcecode.c.h; path = ExtendMainController.h; sourceTree = "<group>"; };
		C1ED596D1CE5B0A200096EC7 /* ExtendMainController.m */ = {isa = PBXFileReference; fileEncoding = 4; lastKnownFileType = sourcecode.c.objc; path = ExtendMainController.m; sourceTree = "<group>"; };
		C1ED59751CE5D09100096EC7 /* BBLaunchAdMonitor.h */ = {isa = PBXFileReference; fileEncoding = 4; lastKnownFileType = sourcecode.c.h; path = BBLaunchAdMonitor.h; sourceTree = "<group>"; };
		C1ED59761CE5D09100096EC7 /* BBLaunchAdMonitor.m */ = {isa = PBXFileReference; fileEncoding = 4; lastKnownFileType = sourcecode.c.objc; path = BBLaunchAdMonitor.m; sourceTree = "<group>"; };
		DD0006A1514074EB94BC8F48 /* Pods-iOSLearnListUITests.debug.xcconfig */ = {isa = PBXFileReference; includeInIndex = 1; lastKnownFileType = text.xcconfig; name = "Pods-iOSLearnListUITests.debug.xcconfig"; path = "Pods/Target Support Files/Pods-iOSLearnListUITests/Pods-iOSLearnListUITests.debug.xcconfig"; sourceTree = "<group>"; };
		EF33793BA39F8EA8BBC17936 /* Pods-iOSLearnList.release.xcconfig */ = {isa = PBXFileReference; includeInIndex = 1; lastKnownFileType = text.xcconfig; name = "Pods-iOSLearnList.release.xcconfig"; path = "Pods/Target Support Files/Pods-iOSLearnList/Pods-iOSLearnList.release.xcconfig"; sourceTree = "<group>"; };
		F5B5BB0B5ABE5131BA75ED65 /* Pods-iOSLearnListTests.release.xcconfig */ = {isa = PBXFileReference; includeInIndex = 1; lastKnownFileType = text.xcconfig; name = "Pods-iOSLearnListTests.release.xcconfig"; path = "Pods/Target Support Files/Pods-iOSLearnListTests/Pods-iOSLearnListTests.release.xcconfig"; sourceTree = "<group>"; };
		F72159D3B3036E6B7D18E846 /* Pods-iOSLearnList.adhoc.xcconfig */ = {isa = PBXFileReference; includeInIndex = 1; lastKnownFileType = text.xcconfig; name = "Pods-iOSLearnList.adhoc.xcconfig"; path = "Pods/Target Support Files/Pods-iOSLearnList/Pods-iOSLearnList.adhoc.xcconfig"; sourceTree = "<group>"; };
/* End PBXFileReference section */

/* Begin PBXFrameworksBuildPhase section */
		51F68EBA1CDE1905009338D6 /* Frameworks */ = {
			isa = PBXFrameworksBuildPhase;
			buildActionMask = 2147483647;
			files = (
				C162E3641D51DBE200061311 /* SpriteKit.framework in Frameworks */,
				51F5BEF61D28A308000641A7 /* mergedBundleFrame.a in Frameworks */,
				171D7EE946C215853B29364F /* libPods-iOSLearnList.a in Frameworks */,
			);
			runOnlyForDeploymentPostprocessing = 0;
		};
		51F68ED31CDE1905009338D6 /* Frameworks */ = {
			isa = PBXFrameworksBuildPhase;
			buildActionMask = 2147483647;
			files = (
				790296D8928C947E58425DE6 /* libPods-iOSLearnListTests.a in Frameworks */,
			);
			runOnlyForDeploymentPostprocessing = 0;
		};
		51F68EDE1CDE1905009338D6 /* Frameworks */ = {
			isa = PBXFrameworksBuildPhase;
			buildActionMask = 2147483647;
			files = (
				ABEAA17814CAF1656AA47D64 /* libPods-iOSLearnListUITests.a in Frameworks */,
			);
			runOnlyForDeploymentPostprocessing = 0;
		};
/* End PBXFrameworksBuildPhase section */

/* Begin PBXGroup section */
		31DFC973CFDBCBD61F0C0EA0 /* Frameworks */ = {
			isa = PBXGroup;
			children = (
				C162E3631D51DBE200061311 /* SpriteKit.framework */,
				63EFAA2436F06E52B0476304 /* libPods-iOSLearnList.a */,
				291F77B8319A93603B07A0C0 /* libPods-iOSLearnListTests.a */,
				7778427D6BFE970E4A490F58 /* libPods-iOSLearnListUITests.a */,
			);
			name = Frameworks;
			sourceTree = "<group>";
		};
		4D760D52FD1CA0316E2CE3F2 /* Pods */ = {
			isa = PBXGroup;
			children = (
				183FB7427D25D872AE632CA9 /* Pods-iOSLearnList.debug.xcconfig */,
				EF33793BA39F8EA8BBC17936 /* Pods-iOSLearnList.release.xcconfig */,
				F72159D3B3036E6B7D18E846 /* Pods-iOSLearnList.adhoc.xcconfig */,
				016DB9FEC94EA9524F78187B /* Pods-iOSLearnListTests.debug.xcconfig */,
				F5B5BB0B5ABE5131BA75ED65 /* Pods-iOSLearnListTests.release.xcconfig */,
				74B9DFAC62EA14D70A708C4B /* Pods-iOSLearnListTests.adhoc.xcconfig */,
				DD0006A1514074EB94BC8F48 /* Pods-iOSLearnListUITests.debug.xcconfig */,
				19E1B844205498E3F8F2045F /* Pods-iOSLearnListUITests.release.xcconfig */,
				973B2D6CFF65EAF53BEEEDF9 /* Pods-iOSLearnListUITests.adhoc.xcconfig */,
			);
			name = Pods;
			sourceTree = "<group>";
		};
		5106ADF01D26A3D700284022 /* iOSLearnListBundle */ = {
			isa = PBXGroup;
			children = (
			);
			path = iOSLearnListBundle;
			sourceTree = "<group>";
		};
		5106AE041D26A50800284022 /* common */ = {
			isa = PBXGroup;
			children = (
				C16B6BC31D49DCEA00459688 /* MWCommon.h */,
				C16B6BC41D49DCEA00459688 /* MWCommon.m */,
				C16B6BC91D49EBE400459688 /* iOSLearnList.pch */,
			);
			path = common;
			sourceTree = "<group>";
		};
		519785FB1D0418BB00DF3981 /* View */ = {
			isa = PBXGroup;
			children = (
				519785FC1D0418E200DF3981 /* autolayoutCell.h */,
				519785FD1D0418E200DF3981 /* autolayoutCell.m */,
				519785FE1D0418E200DF3981 /* autolayoutCell.xib */,
			);
			path = View;
			sourceTree = "<group>";
		};
		51F68EB41CDE1905009338D6 = {
			isa = PBXGroup;
			children = (
				51F68EBF1CDE1905009338D6 /* iOSLearnList */,
				51F68ED91CDE1905009338D6 /* iOSLearnListTests */,
				51F68EE41CDE1905009338D6 /* iOSLearnListUITests */,
				5106ADF01D26A3D700284022 /* iOSLearnListBundle */,
				51F68EBE1CDE1905009338D6 /* Products */,
				4D760D52FD1CA0316E2CE3F2 /* Pods */,
				31DFC973CFDBCBD61F0C0EA0 /* Frameworks */,
			);
			sourceTree = "<group>";
		};
		51F68EBE1CDE1905009338D6 /* Products */ = {
			isa = PBXGroup;
			children = (
				51F68EBD1CDE1905009338D6 /* iOSLearnList.app */,
				51F68ED61CDE1905009338D6 /* iOSLearnListTests.xctest */,
				51F68EE11CDE1905009338D6 /* iOSLearnListUITests.xctest */,
			);
			name = Products;
			sourceTree = "<group>";
		};
		51F68EBF1CDE1905009338D6 /* iOSLearnList */ = {
			isa = PBXGroup;
			children = (
				C16B6BC71D49E48C00459688 /* iOSLearnListBundle.bundle */,
				5106AE041D26A50800284022 /* common */,
				C1ED59741CE5D09100096EC7 /* 3rdParty */,
				51F68EF81CDE1A06009338D6 /* src */,
				51F68EC31CDE1905009338D6 /* AppDelegate.h */,
				51F68EC41CDE1905009338D6 /* AppDelegate.m */,
				C162E35F1D51D05500061311 /* lanch5@2x.png */,
				C162E3601D51D05500061311 /* launch4@2x.png */,
				51F68EC91CDE1905009338D6 /* Main.storyboard */,
				51F68ECC1CDE1905009338D6 /* Assets.xcassets */,
				51F68ECE1CDE1905009338D6 /* LaunchScreen.storyboard */,
				51F68ED11CDE1905009338D6 /* Info.plist */,
				51F68EC01CDE1905009338D6 /* Supporting Files */,
			);
			path = iOSLearnList;
			sourceTree = "<group>";
		};
		51F68EC01CDE1905009338D6 /* Supporting Files */ = {
			isa = PBXGroup;
			children = (
				C1209B101CF53B9600182559 /* Configuration */,
				51F68EC11CDE1905009338D6 /* main.m */,
				519EB5B21CE85BCC002CB3AE /* myLanguage.strings */,
				519EB5B81CE85C03002CB3AE /* InfoPlist.strings */,
				519EB5BE1CE85C88002CB3AE /* Localizable.strings */,
			);
			name = "Supporting Files";
			sourceTree = "<group>";
		};
		51F68ED91CDE1905009338D6 /* iOSLearnListTests */ = {
			isa = PBXGroup;
			children = (
				51F68EDA1CDE1905009338D6 /* iOSLearnListTests.m */,
				51F68EDC1CDE1905009338D6 /* Info.plist */,
			);
			path = iOSLearnListTests;
			sourceTree = "<group>";
		};
		51F68EE41CDE1905009338D6 /* iOSLearnListUITests */ = {
			isa = PBXGroup;
			children = (
				51F68EE51CDE1905009338D6 /* iOSLearnListUITests.m */,
				51F68EE71CDE1905009338D6 /* Info.plist */,
			);
			path = iOSLearnListUITests;
			sourceTree = "<group>";
		};
		51F68EF81CDE1A06009338D6 /* src */ = {
			isa = PBXGroup;
			children = (
				C1A650881CE99E8C006A117B /* Other */,
				C1A650661CE99E75006A117B /* Advanced */,
				C1E36FCA1CE4230300445669 /* Base */,
				C1ED596B1CE5B07900096EC7 /* Extend */,
			);
			path = src;
			sourceTree = "<group>";
		};
		C1209B101CF53B9600182559 /* Configuration */ = {
			isa = PBXGroup;
			children = (
				C1209B131CF53BCC00182559 /* Release */,
				C1209B121CF53BC500182559 /* Debug */,
				C1209B111CF53BBC00182559 /* AdHoc */,
			);
			path = Configuration;
			sourceTree = "<group>";
		};
		C1209B111CF53BBC00182559 /* AdHoc */ = {
			isa = PBXGroup;
			children = (
				C1209B141CF53C0800182559 /* Configuration.plist */,
			);
			name = AdHoc;
			sourceTree = "<group>";
		};
		C1209B121CF53BC500182559 /* Debug */ = {
			isa = PBXGroup;
			children = (
				C1209B161CF53C3000182559 /* Configuration.plist */,
			);
			name = Debug;
			sourceTree = "<group>";
		};
		C1209B131CF53BCC00182559 /* Release */ = {
			isa = PBXGroup;
			children = (
				C1209B181CF53C4800182559 /* Configuration.plist */,
			);
			name = Release;
			sourceTree = "<group>";
		};
		C1209B1F1CF53F0500182559 /* Model */ = {
			isa = PBXGroup;
			children = (
				C1209B201CF53F2900182559 /* ConfigCommon.h */,
				C1209B211CF53F2900182559 /* ConfigCommon.m */,
			);
			path = Model;
			sourceTree = "<group>";
		};
		C156DDBC1D4898B5004CD422 /* iOSAnimation */ = {
			isa = PBXGroup;
			children = (
				C156DDBD1D4898FF004CD422 /* AnimationListViewController.h */,
				C156DDBE1D4898FF004CD422 /* AnimationListViewController.m */,
				C156DDC01D4899E5004CD422 /* CAMediaTimingFunctionVC.h */,
				C156DDC11D4899E5004CD422 /* CAMediaTimingFunctionVC.m */,
				C16B6BB91D499D5E00459688 /* CAMediaTimingVC.h */,
				C16B6BBA1D499D5E00459688 /* CAMediaTimingVC.m */,
				C156DDC31D48B98E004CD422 /* TimerAnimationViewController.h */,
				C156DDC41D48B98E004CD422 /* TimerAnimationViewController.m */,
				C16B6BB61D4995CC00459688 /* CADisplayLinkViewController.h */,
				C16B6BB71D4995CC00459688 /* CADisplayLinkViewController.m */,
				C191C7A81D52D15B0060F57A /* common-PullDownRefresh@2x.png */,
				C12F1EF21D4A199400A2D984 /* MWDrawingViewController.h */,
				C12F1EF31D4A199400A2D984 /* MWDrawingViewController.m */,
			);
			path = iOSAnimation;
			sourceTree = "<group>";
		};
		C15F15421D45B15700392D95 /* Controller */ = {
			isa = PBXGroup;
			children = (
				C15F15461D45B42600392D95 /* OC */,
				C15F15471D45B42600392D95 /* SYS */,
				C15F15481D45B42600392D95 /* UI */,
				C15F15431D45B16C00392D95 /* BaseMainViewController.h */,
				C15F15441D45B16C00392D95 /* BaseMainViewController.m */,
			);
			path = Controller;
			sourceTree = "<group>";
		};
		C15F15461D45B42600392D95 /* OC */ = {
			isa = PBXGroup;
			children = (
				C172F23E1D5C776E00A8FECC /* model */,
				C15F154F1D45B76100392D95 /* ObjBaseViewController.h */,
				C15F15501D45B76100392D95 /* ObjBaseViewController.m */,
				C15F15551D45C65700392D95 /* KVOViewController.h */,
				C15F15561D45C65700392D95 /* KVOViewController.m */,
				C15F15581D45E92300392D95 /* MethodSignatureViewController.h */,
				C15F15591D45E92300392D95 /* MethodSignatureViewController.m */,
				C15F155B1D45EB7800392D95 /* OBJModel.h */,
				C15F155C1D45EB7800392D95 /* OBJModel.m */,
				C1E1DBE11D546731007EE5F5 /* ArchiverViewController.h */,
				C1E1DBE21D546731007EE5F5 /* ArchiverViewController.m */,
				C1E1DBE31D546731007EE5F5 /* ArchiverViewController.xib */,
				C172F2481D5C99AB00A8FECC /* runtimeViewController.h */,
				C172F2491D5C99AB00A8FECC /* runtimeViewController.m */,
			);
			path = OC;
			sourceTree = "<group>";
		};
		C15F15471D45B42600392D95 /* SYS */ = {
			isa = PBXGroup;
			children = (
				C1A6508C1CE99F42006A117B /* multiThreadController.h */,
				C1A6508D1CE99F42006A117B /* multiThreadController.m */,
				C1A650691CE99E75006A117B /* Timer+NotificationViewController.h */,
				C1A6506A1CE99E75006A117B /* Timer+NotificationViewController.m */,
				C15F154C1D45B74D00392D95 /* SysBaseViewController.h */,
				C15F154D1D45B74D00392D95 /* SysBaseViewController.m */,
			);
			path = SYS;
			sourceTree = "<group>";
		};
		C15F15481D45B42600392D95 /* UI */ = {
			isa = PBXGroup;
			children = (
				C15F15491D45B43E00392D95 /* UIBaseViewController.h */,
				C15F154A1D45B43E00392D95 /* UIBaseViewController.m */,
				C15F155E1D4604CF00392D95 /* SearchBarVC.h */,
				C15F155F1D4604CF00392D95 /* SearchBarVC.m */,
				C18F58E41D475AB800F95031 /* testCollectionViewController.h */,
				C18F58E51D475AB800F95031 /* testCollectionViewController.m */,
			);
			path = UI;
			sourceTree = "<group>";
		};
		C172F23E1D5C776E00A8FECC /* model */ = {
			isa = PBXGroup;
			children = (
				C172F23F1D5C777C00A8FECC /* MW_A.h */,
				C172F2401D5C777C00A8FECC /* MW_A.m */,
				C172F2421D5C779200A8FECC /* MW_AB.h */,
				C172F2431D5C779200A8FECC /* MW_AB.m */,
				C172F2451D5C77A200A8FECC /* MW_AC.h */,
				C172F2461D5C77A200A8FECC /* MW_AC.m */,
			);
			path = model;
			sourceTree = "<group>";
		};
		C172F24B1D5CAB2C00A8FECC /* javascript */ = {
			isa = PBXGroup;
			children = (
				C172F24C1D5CAB4000A8FECC /* MWJSViewController.h */,
				C172F24D1D5CAB4000A8FECC /* MWJSViewController.m */,
				C172F24F1D5CB62300A8FECC /* MWJSPerson.h */,
				C172F2501D5CB62300A8FECC /* MWJSPerson.m */,
			);
			path = javascript;
			sourceTree = "<group>";
		};
		C19D17D91D18CC6000E29256 /* customPresentView */ = {
			isa = PBXGroup;
			children = (
				C19D17DD1D18D7B900E29256 /* MWBaseAnimation.h */,
				C19D17DE1D18D7B900E29256 /* MWBaseAnimation.m */,
				C19D17E01D18D96200E29256 /* MWBasePresentViewController.h */,
				C19D17E11D18D96300E29256 /* MWBasePresentViewController.m */,
				C19D17E31D18D9BA00E29256 /* MWPresentAnimation.h */,
				C19D17E41D18D9BA00E29256 /* MWPresentAnimation.m */,
			);
			path = customPresentView;
			sourceTree = "<group>";
		};
		C1A650661CE99E75006A117B /* Advanced */ = {
			isa = PBXGroup;
			children = (
				C172F24B1D5CAB2C00A8FECC /* javascript */,
				C156DDBC1D4898B5004CD422 /* iOSAnimation */,
				C19D17D91D18CC6000E29256 /* customPresentView */,
				C1A650671CE99E75006A117B /* iOSSystem */,
				C1A6506D1CE99E75006A117B /* NSURLLearn */,
				C1A650761CE99E75006A117B /* ObjRelative */,
				C165B0EE1D33A14500675C94 /* caLayerViewController.h */,
				C165B0EF1D33A14500675C94 /* caLayerViewController.m */,
				C16858751D5AD0C80017157D /* UIButton_MWEdge.h */,
				C16858761D5AD0C80017157D /* UIButton_MWEdge.m */,
				C1C8C6B01D59DCF900059977 /* xiala_2@2x.png */,
				C1C8C6AD1D59C96F00059977 /* MWScrollView.h */,
				C1C8C6AE1D59C96F00059977 /* MWScrollView.m */,
				C165B0F01D33A14500675C94 /* caLayerViewController.xib */,
				C156DDB91D4897CA004CD422 /* AdvancedViewController.h */,
				C156DDBA1D4897CA004CD422 /* AdvancedViewController.m */,
			);
			path = Advanced;
			sourceTree = "<group>";
		};
		C1A650671CE99E75006A117B /* iOSSystem */ = {
			isa = PBXGroup;
			children = (
				C1A650681CE99E75006A117B /* controller */,
				C1A6506B1CE99E75006A117B /* model */,
				C1A6506C1CE99E75006A117B /* view */,
			);
			path = iOSSystem;
			sourceTree = "<group>";
		};
		C1A650681CE99E75006A117B /* controller */ = {
			isa = PBXGroup;
			children = (
			);
			path = controller;
			sourceTree = "<group>";
		};
		C1A6506B1CE99E75006A117B /* model */ = {
			isa = PBXGroup;
			children = (
			);
			path = model;
			sourceTree = "<group>";
		};
		C1A6506C1CE99E75006A117B /* view */ = {
			isa = PBXGroup;
			children = (
			);
			path = view;
			sourceTree = "<group>";
		};
		C1A6506D1CE99E75006A117B /* NSURLLearn */ = {
			isa = PBXGroup;
			children = (
				C1A6506E1CE99E75006A117B /* defaultNSURLSessionController.h */,
				C1A6506F1CE99E75006A117B /* defaultNSURLSessionController.m */,
				C1A650701CE99E75006A117B /* downloadController.h */,
				C1A650711CE99E75006A117B /* downloadController.m */,
				C1A650721CE99E75006A117B /* FWSessionDelegate.h */,
				C1A650731CE99E75006A117B /* FWSessionDelegate.m */,
				C1A650741CE99E75006A117B /* NSURLConnectionController.h */,
				C1A650751CE99E75006A117B /* NSURLConnectionController.m */,
			);
			path = NSURLLearn;
			sourceTree = "<group>";
		};
		C1A650761CE99E75006A117B /* ObjRelative */ = {
			isa = PBXGroup;
			children = (
				C1A650771CE99E75006A117B /* controller */,
				C1A6507E1CE99E75006A117B /* model */,
				C1A6507F1CE99E75006A117B /* view */,
			);
			path = ObjRelative;
			sourceTree = "<group>";
		};
		C1A650771CE99E75006A117B /* controller */ = {
			isa = PBXGroup;
			children = (
				C1A650781CE99E75006A117B /* ReversibleString.h */,
				C1A650791CE99E75006A117B /* ReversibleString.m */,
				C1A6507A1CE99E75006A117B /* undoRedoViewController.h */,
				C1A6507B1CE99E75006A117B /* undoRedoViewController.m */,
				C1A6507C1CE99E75006A117B /* unRecognizeViewController.h */,
				C1A6507D1CE99E75006A117B /* unRecognizeViewController.m */,
				C162E3591D51853B00061311 /* methodSelectorViewController.h */,
				C162E35A1D51853B00061311 /* methodSelectorViewController.m */,
			);
			path = controller;
			sourceTree = "<group>";
		};
		C1A6507E1CE99E75006A117B /* model */ = {
			isa = PBXGroup;
			children = (
				C1A6508F1CE99FA1006A117B /* NSObject+autoCoding.h */,
				C1A650901CE99FA1006A117B /* NSObject+autoCoding.m */,
				C162E35C1D51856200061311 /* MWMethodSelector.h */,
				C162E35D1D51856200061311 /* MWMethodSelector.m */,
			);
			path = model;
			sourceTree = "<group>";
		};
		C1A6507F1CE99E75006A117B /* view */ = {
			isa = PBXGroup;
			children = (
			);
			path = view;
			sourceTree = "<group>";
		};
		C1A650881CE99E8C006A117B /* Other */ = {
			isa = PBXGroup;
			children = (
				C19321041D41FA0900378778 /* MasonryViewController.h */,
				C19321051D41FA0900378778 /* MasonryViewController.m */,
				C1A650891CE99E8C006A117B /* SDUIImageViewController.h */,
				C1A6508A1CE99E8C006A117B /* SDUIImageViewController.m */,
			);
			path = Other;
			sourceTree = "<group>";
		};
		C1E36FCA1CE4230300445669 /* Base */ = {
			isa = PBXGroup;
			children = (
				C15F15421D45B15700392D95 /* Controller */,
				519785FB1D0418BB00DF3981 /* View */,
				C1209B1F1CF53F0500182559 /* Model */,
				C1E36FCB1CE4231900445669 /* IndexTableViewController.h */,
				C1E36FCC1CE4231900445669 /* IndexTableViewController.m */,
				519785F81D04189A00DF3981 /* autolayoutCellCtl.h */,
				519785F91D04189A00DF3981 /* autolayoutCellCtl.m */,
				51FAA2EE1CECB49A0050E75E /* myTableViewController.h */,
				51FAA2EF1CECB49A0050E75E /* myTableViewController.m */,
				51FAA2F11CECB5750050E75E /* collectionViewController.h */,
				51FAA2F21CECB5750050E75E /* collectionViewController.m */,
				C1209B1C1CF53EED00182559 /* configViewController.h */,
				C1209B1D1CF53EED00182559 /* configViewController.m */,
			);
			path = Base;
			sourceTree = "<group>";
		};
		C1ED596B1CE5B07900096EC7 /* Extend */ = {
			isa = PBXGroup;
			children = (
				C1ED596C1CE5B0A200096EC7 /* ExtendMainController.h */,
				C1ED596D1CE5B0A200096EC7 /* ExtendMainController.m */,
				C18F58E11D474BEA00F95031 /* MWBaseCollectionViewController.h */,
				C18F58E21D474BEA00F95031 /* MWBaseCollectionViewController.m */,
				C15F15521D45B8D700392D95 /* MWBaseViewController.h */,
				C15F15531D45B8D700392D95 /* MWBaseViewController.m */,
			);
			path = Extend;
			sourceTree = "<group>";
		};
		C1ED59741CE5D09100096EC7 /* 3rdParty */ = {
			isa = PBXGroup;
			children = (
				51F5BEF51D28A308000641A7 /* mergedBundleFrame.a */,
				51F5BEF41D28A28C000641A7 /* myBundleFrame.h */,
				C1ED59751CE5D09100096EC7 /* BBLaunchAdMonitor.h */,
				C1ED59761CE5D09100096EC7 /* BBLaunchAdMonitor.m */,
			);
			path = 3rdParty;
			sourceTree = "<group>";
		};
/* End PBXGroup section */

/* Begin PBXNativeTarget section */
		51F68EBC1CDE1905009338D6 /* iOSLearnList */ = {
			isa = PBXNativeTarget;
			buildConfigurationList = 51F68EEA1CDE1905009338D6 /* Build configuration list for PBXNativeTarget "iOSLearnList" */;
			buildPhases = (
				A02934184670955787592C2D /* [CP] Check Pods Manifest.lock */,
				51F68EB91CDE1905009338D6 /* Sources */,
				51F68EBA1CDE1905009338D6 /* Frameworks */,
				51F68EBB1CDE1905009338D6 /* Resources */,
				C1209B1A1CF53D1500182559 /* Copy configuration */,
				E25197F303A80174F230FE73 /* [CP] Embed Pods Frameworks */,
				5C7110CE646CAB5776973391 /* [CP] Copy Pods Resources */,
			);
			buildRules = (
			);
			dependencies = (
			);
			name = iOSLearnList;
			productName = iOSLearnList;
			productReference = 51F68EBD1CDE1905009338D6 /* iOSLearnList.app */;
			productType = "com.apple.product-type.application";
		};
		51F68ED51CDE1905009338D6 /* iOSLearnListTests */ = {
			isa = PBXNativeTarget;
			buildConfigurationList = 51F68EED1CDE1905009338D6 /* Build configuration list for PBXNativeTarget "iOSLearnListTests" */;
			buildPhases = (
				22D4F41000092CBC045D3F38 /* [CP] Check Pods Manifest.lock */,
				51F68ED21CDE1905009338D6 /* Sources */,
				51F68ED31CDE1905009338D6 /* Frameworks */,
				51F68ED41CDE1905009338D6 /* Resources */,
				78F133BA5424D2243C457EAA /* [CP] Embed Pods Frameworks */,
				BD87B621CAD92A1CEF9089B0 /* [CP] Copy Pods Resources */,
			);
			buildRules = (
			);
			dependencies = (
				51F68ED81CDE1905009338D6 /* PBXTargetDependency */,
			);
			name = iOSLearnListTests;
			productName = iOSLearnListTests;
			productReference = 51F68ED61CDE1905009338D6 /* iOSLearnListTests.xctest */;
			productType = "com.apple.product-type.bundle.unit-test";
		};
		51F68EE01CDE1905009338D6 /* iOSLearnListUITests */ = {
			isa = PBXNativeTarget;
			buildConfigurationList = 51F68EF01CDE1905009338D6 /* Build configuration list for PBXNativeTarget "iOSLearnListUITests" */;
			buildPhases = (
				699A855098DF9C3CB144B268 /* [CP] Check Pods Manifest.lock */,
				51F68EDD1CDE1905009338D6 /* Sources */,
				51F68EDE1CDE1905009338D6 /* Frameworks */,
				51F68EDF1CDE1905009338D6 /* Resources */,
				BA2CC52F836524E803012864 /* [CP] Copy Pods Resources */,
			);
			buildRules = (
			);
			dependencies = (
				51F68EE31CDE1905009338D6 /* PBXTargetDependency */,
			);
			name = iOSLearnListUITests;
			productName = iOSLearnListUITests;
			productReference = 51F68EE11CDE1905009338D6 /* iOSLearnListUITests.xctest */;
			productType = "com.apple.product-type.bundle.ui-testing";
		};
/* End PBXNativeTarget section */

/* Begin PBXProject section */
		51F68EB51CDE1905009338D6 /* Project object */ = {
			isa = PBXProject;
			attributes = {
				LastUpgradeCheck = 0730;
				ORGANIZATIONNAME = fishmwei;
				TargetAttributes = {
					51F68EBC1CDE1905009338D6 = {
						CreatedOnToolsVersion = 7.3.1;
						DevelopmentTeam = H79W6YY34M;
					};
					51F68ED51CDE1905009338D6 = {
						CreatedOnToolsVersion = 7.3.1;
						TestTargetID = 51F68EBC1CDE1905009338D6;
					};
					51F68EE01CDE1905009338D6 = {
						CreatedOnToolsVersion = 7.3.1;
						TestTargetID = 51F68EBC1CDE1905009338D6;
					};
				};
			};
			buildConfigurationList = 51F68EB81CDE1905009338D6 /* Build configuration list for PBXProject "iOSLearnList" */;
			compatibilityVersion = "Xcode 3.2";
			developmentRegion = English;
			hasScannedForEncodings = 0;
			knownRegions = (
				en,
				Base,
				"zh-Hans",
			);
			mainGroup = 51F68EB41CDE1905009338D6;
			productRefGroup = 51F68EBE1CDE1905009338D6 /* Products */;
			projectDirPath = "";
			projectRoot = "";
			targets = (
				51F68EBC1CDE1905009338D6 /* iOSLearnList */,
				51F68ED51CDE1905009338D6 /* iOSLearnListTests */,
				51F68EE01CDE1905009338D6 /* iOSLearnListUITests */,
			);
		};
/* End PBXProject section */

/* Begin PBXResourcesBuildPhase section */
		51F68EBB1CDE1905009338D6 /* Resources */ = {
			isa = PBXResourcesBuildPhase;
			buildActionMask = 2147483647;
			files = (
				C191C7A91D52D15B0060F57A /* common-PullDownRefresh@2x.png in Resources */,
				C1C8C6B11D59DCF900059977 /* xiala_2@2x.png in Resources */,
				C165B0F21D33A14500675C94 /* caLayerViewController.xib in Resources */,
				C1E1DBE51D546731007EE5F5 /* ArchiverViewController.xib in Resources */,
				519EB5B61CE85C03002CB3AE /* InfoPlist.strings in Resources */,
				51F68ED01CDE1905009338D6 /* LaunchScreen.storyboard in Resources */,
				519EB5B01CE85BCC002CB3AE /* myLanguage.strings in Resources */,
				519EB5BC1CE85C88002CB3AE /* Localizable.strings in Resources */,
				51F68ECD1CDE1905009338D6 /* Assets.xcassets in Resources */,
				C162E3621D51D05600061311 /* launch4@2x.png in Resources */,
				519786001D0418E200DF3981 /* autolayoutCell.xib in Resources */,
				C16B6BC81D49E48C00459688 /* iOSLearnListBundle.bundle in Resources */,
				51F68ECB1CDE1905009338D6 /* Main.storyboard in Resources */,
				C162E3611D51D05500061311 /* lanch5@2x.png in Resources */,
			);
			runOnlyForDeploymentPostprocessing = 0;
		};
		51F68ED41CDE1905009338D6 /* Resources */ = {
			isa = PBXResourcesBuildPhase;
			buildActionMask = 2147483647;
			files = (
			);
			runOnlyForDeploymentPostprocessing = 0;
		};
		51F68EDF1CDE1905009338D6 /* Resources */ = {
			isa = PBXResourcesBuildPhase;
			buildActionMask = 2147483647;
			files = (
			);
			runOnlyForDeploymentPostprocessing = 0;
		};
/* End PBXResourcesBuildPhase section */

/* Begin PBXShellScriptBuildPhase section */
		22D4F41000092CBC045D3F38 /* [CP] Check Pods Manifest.lock */ = {
			isa = PBXShellScriptBuildPhase;
			buildActionMask = 2147483647;
			files = (
			);
			inputPaths = (
			);
			name = "[CP] Check Pods Manifest.lock";
			outputPaths = (
			);
			runOnlyForDeploymentPostprocessing = 0;
			shellPath = /bin/sh;
			shellScript = "diff \"${PODS_ROOT}/../Podfile.lock\" \"${PODS_ROOT}/Manifest.lock\" > /dev/null\nif [[ $? != 0 ]] ; then\n    cat << EOM\nerror: The sandbox is not in sync with the Podfile.lock. Run 'pod install' or update your CocoaPods installation.\nEOM\n    exit 1\nfi\n";
			showEnvVarsInLog = 0;
		};
		5C7110CE646CAB5776973391 /* [CP] Copy Pods Resources */ = {
			isa = PBXShellScriptBuildPhase;
			buildActionMask = 2147483647;
			files = (
			);
			inputPaths = (
			);
			name = "[CP] Copy Pods Resources";
			outputPaths = (
			);
			runOnlyForDeploymentPostprocessing = 0;
			shellPath = /bin/sh;
			shellScript = "\"${SRCROOT}/Pods/Target Support Files/Pods-iOSLearnList/Pods-iOSLearnList-resources.sh\"\n";
			showEnvVarsInLog = 0;
		};
		699A855098DF9C3CB144B268 /* [CP] Check Pods Manifest.lock */ = {
			isa = PBXShellScriptBuildPhase;
			buildActionMask = 2147483647;
			files = (
			);
			inputPaths = (
			);
			name = "[CP] Check Pods Manifest.lock";
			outputPaths = (
			);
			runOnlyForDeploymentPostprocessing = 0;
			shellPath = /bin/sh;
			shellScript = "diff \"${PODS_ROOT}/../Podfile.lock\" \"${PODS_ROOT}/Manifest.lock\" > /dev/null\nif [[ $? != 0 ]] ; then\n    cat << EOM\nerror: The sandbox is not in sync with the Podfile.lock. Run 'pod install' or update your CocoaPods installation.\nEOM\n    exit 1\nfi\n";
			showEnvVarsInLog = 0;
		};
		78F133BA5424D2243C457EAA /* [CP] Embed Pods Frameworks */ = {
			isa = PBXShellScriptBuildPhase;
			buildActionMask = 2147483647;
			files = (
			);
			inputPaths = (
			);
			name = "[CP] Embed Pods Frameworks";
			outputPaths = (
			);
			runOnlyForDeploymentPostprocessing = 0;
			shellPath = /bin/sh;
			shellScript = "\"${SRCROOT}/Pods/Target Support Files/Pods-iOSLearnListTests/Pods-iOSLearnListTests-frameworks.sh\"\n";
			showEnvVarsInLog = 0;
		};
		A02934184670955787592C2D /* [CP] Check Pods Manifest.lock */ = {
			isa = PBXShellScriptBuildPhase;
			buildActionMask = 2147483647;
			files = (
			);
			inputPaths = (
			);
			name = "[CP] Check Pods Manifest.lock";
			outputPaths = (
			);
			runOnlyForDeploymentPostprocessing = 0;
			shellPath = /bin/sh;
			shellScript = "diff \"${PODS_ROOT}/../Podfile.lock\" \"${PODS_ROOT}/Manifest.lock\" > /dev/null\nif [[ $? != 0 ]] ; then\n    cat << EOM\nerror: The sandbox is not in sync with the Podfile.lock. Run 'pod install' or update your CocoaPods installation.\nEOM\n    exit 1\nfi\n";
			showEnvVarsInLog = 0;
		};
		BA2CC52F836524E803012864 /* [CP] Copy Pods Resources */ = {
			isa = PBXShellScriptBuildPhase;
			buildActionMask = 2147483647;
			files = (
			);
			inputPaths = (
			);
			name = "[CP] Copy Pods Resources";
			outputPaths = (
			);
			runOnlyForDeploymentPostprocessing = 0;
			shellPath = /bin/sh;
			shellScript = "\"${SRCROOT}/Pods/Target Support Files/Pods-iOSLearnListUITests/Pods-iOSLearnListUITests-resources.sh\"\n";
			showEnvVarsInLog = 0;
		};
		BD87B621CAD92A1CEF9089B0 /* [CP] Copy Pods Resources */ = {
			isa = PBXShellScriptBuildPhase;
			buildActionMask = 2147483647;
			files = (
			);
			inputPaths = (
			);
			name = "[CP] Copy Pods Resources";
			outputPaths = (
			);
			runOnlyForDeploymentPostprocessing = 0;
			shellPath = /bin/sh;
			shellScript = "\"${SRCROOT}/Pods/Target Support Files/Pods-iOSLearnListTests/Pods-iOSLearnListTests-resources.sh\"\n";
			showEnvVarsInLog = 0;
		};
		C1209B1A1CF53D1500182559 /* Copy configuration */ = {
			isa = PBXShellScriptBuildPhase;
			buildActionMask = 2147483647;
			files = (
			);
			inputPaths = (
			);
			name = "Copy configuration";
			outputPaths = (
			);
			runOnlyForDeploymentPostprocessing = 0;
			shellPath = /bin/sh;
			shellScript = "RESOURCE_PATH=${SRCROOT}/${PRODUCT_NAME}/Configuration/${CONFIGURATION}\n\nBUILD_APP_DIR=${BUILT_PRODUCTS_DIR}/${PRODUCT_NAME}.app\n\necho \"Copying all files under ${RESOURCE_PATH} to ${BUILD_APP_DIR}\"\n\ncp -v \"${RESOURCE_PATH}/\"* \"${BUILD_APP_DIR}/\"";
		};
		E25197F303A80174F230FE73 /* [CP] Embed Pods Frameworks */ = {
			isa = PBXShellScriptBuildPhase;
			buildActionMask = 2147483647;
			files = (
			);
			inputPaths = (
			);
			name = "[CP] Embed Pods Frameworks";
			outputPaths = (
			);
			runOnlyForDeploymentPostprocessing = 0;
			shellPath = /bin/sh;
			shellScript = "\"${SRCROOT}/Pods/Target Support Files/Pods-iOSLearnList/Pods-iOSLearnList-frameworks.sh\"\n";
			showEnvVarsInLog = 0;
		};
/* End PBXShellScriptBuildPhase section */

/* Begin PBXSourcesBuildPhase section */
		51F68EB91CDE1905009338D6 /* Sources */ = {
			isa = PBXSourcesBuildPhase;
			buildActionMask = 2147483647;
			files = (
				C162E35B1D51853B00061311 /* methodSelectorViewController.m in Sources */,
				C156DDBB1D4897CA004CD422 /* AdvancedViewController.m in Sources */,
				C15F15601D4604CF00392D95 /* SearchBarVC.m in Sources */,
				C1C8C6AF1D59C96F00059977 /* MWScrollView.m in Sources */,
				C15F15451D45B16C00392D95 /* BaseMainViewController.m in Sources */,
				C12F1EF41D4A199400A2D984 /* MWDrawingViewController.m in Sources */,
				C156DDBF1D4898FF004CD422 /* AnimationListViewController.m in Sources */,
				C1ED596E1CE5B0A200096EC7 /* ExtendMainController.m in Sources */,
				C1A6508B1CE99E8C006A117B /* SDUIImageViewController.m in Sources */,
				C1A650871CE99E75006A117B /* unRecognizeViewController.m in Sources */,
				C172F24A1D5C99AB00A8FECC /* runtimeViewController.m in Sources */,
				C1A650851CE99E75006A117B /* ReversibleString.m in Sources */,
				C1A650841CE99E75006A117B /* NSURLConnectionController.m in Sources */,
				C15F15511D45B76100392D95 /* ObjBaseViewController.m in Sources */,
				C172F2411D5C777C00A8FECC /* MW_A.m in Sources */,
				C1209B1E1CF53EED00182559 /* configViewController.m in Sources */,
				C19D17E51D18D9BA00E29256 /* MWPresentAnimation.m in Sources */,
				51FAA2F31CECB5750050E75E /* collectionViewController.m in Sources */,
				C156DDC51D48B98E004CD422 /* TimerAnimationViewController.m in Sources */,
				C1A650861CE99E75006A117B /* undoRedoViewController.m in Sources */,
				51F68EC51CDE1905009338D6 /* AppDelegate.m in Sources */,
				C172F2441D5C779200A8FECC /* MW_AB.m in Sources */,
				C18F58E31D474BEA00F95031 /* MWBaseCollectionViewController.m in Sources */,
				C172F24E1D5CAB4000A8FECC /* MWJSViewController.m in Sources */,
				C162E35E1D51856200061311 /* MWMethodSelector.m in Sources */,
				519785FA1D04189A00DF3981 /* autolayoutCellCtl.m in Sources */,
				C15F154E1D45B74D00392D95 /* SysBaseViewController.m in Sources */,
				C1A650831CE99E75006A117B /* FWSessionDelegate.m in Sources */,
				C19D17DF1D18D7B900E29256 /* MWBaseAnimation.m in Sources */,
				C1A6508E1CE99F42006A117B /* multiThreadController.m in Sources */,
				C1A650801CE99E75006A117B /* Timer+NotificationViewController.m in Sources */,
				C1209B221CF53F2900182559 /* ConfigCommon.m in Sources */,
				C165B0F11D33A14500675C94 /* caLayerViewController.m in Sources */,
				C19321061D41FA0900378778 /* MasonryViewController.m in Sources */,
				C19D17E21D18D96300E29256 /* MWBasePresentViewController.m in Sources */,
				51F68EC21CDE1905009338D6 /* main.m in Sources */,
				C16B6BB81D4995CC00459688 /* CADisplayLinkViewController.m in Sources */,
				C1ED59771CE5D09100096EC7 /* BBLaunchAdMonitor.m in Sources */,
				C15F155D1D45EB7800392D95 /* OBJModel.m in Sources */,
				519785FF1D0418E200DF3981 /* autolayoutCell.m in Sources */,
				C1A650811CE99E75006A117B /* defaultNSURLSessionController.m in Sources */,
				C15F15571D45C65700392D95 /* KVOViewController.m in Sources */,
				C172F2511D5CB62300A8FECC /* MWJSPerson.m in Sources */,
				C1A650911CE99FA1006A117B /* NSObject+autoCoding.m in Sources */,
				C15F15541D45B8D700392D95 /* MWBaseViewController.m in Sources */,
				C1E36FCD1CE4231900445669 /* IndexTableViewController.m in Sources */,
				C15F155A1D45E92300392D95 /* MethodSignatureViewController.m in Sources */,
				C1A650821CE99E75006A117B /* downloadController.m in Sources */,
				C172F2471D5C77A200A8FECC /* MW_AC.m in Sources */,
				C18F58E61D475AB800F95031 /* testCollectionViewController.m in Sources */,
				51FAA2F01CECB49A0050E75E /* myTableViewController.m in Sources */,
				C16B6BC51D49DCEA00459688 /* MWCommon.m in Sources */,
				C1E1DBE41D546731007EE5F5 /* ArchiverViewController.m in Sources */,
				C16B6BBB1D499D5E00459688 /* CAMediaTimingVC.m in Sources */,
				C16858771D5AD0C80017157D /* UIButton_MWEdge.m in Sources */,
				C156DDC21D4899E5004CD422 /* CAMediaTimingFunctionVC.m in Sources */,
				C15F154B1D45B43E00392D95 /* UIBaseViewController.m in Sources */,
			);
			runOnlyForDeploymentPostprocessing = 0;
		};
		51F68ED21CDE1905009338D6 /* Sources */ = {
			isa = PBXSourcesBuildPhase;
			buildActionMask = 2147483647;
			files = (
				51F68EDB1CDE1905009338D6 /* iOSLearnListTests.m in Sources */,
			);
			runOnlyForDeploymentPostprocessing = 0;
		};
		51F68EDD1CDE1905009338D6 /* Sources */ = {
			isa = PBXSourcesBuildPhase;
			buildActionMask = 2147483647;
			files = (
				51F68EE61CDE1905009338D6 /* iOSLearnListUITests.m in Sources */,
			);
			runOnlyForDeploymentPostprocessing = 0;
		};
/* End PBXSourcesBuildPhase section */

/* Begin PBXTargetDependency section */
		51F68ED81CDE1905009338D6 /* PBXTargetDependency */ = {
			isa = PBXTargetDependency;
			target = 51F68EBC1CDE1905009338D6 /* iOSLearnList */;
			targetProxy = 51F68ED71CDE1905009338D6 /* PBXContainerItemProxy */;
		};
		51F68EE31CDE1905009338D6 /* PBXTargetDependency */ = {
			isa = PBXTargetDependency;
			target = 51F68EBC1CDE1905009338D6 /* iOSLearnList */;
			targetProxy = 51F68EE21CDE1905009338D6 /* PBXContainerItemProxy */;
		};
/* End PBXTargetDependency section */

/* Begin PBXVariantGroup section */
		519EB5B21CE85BCC002CB3AE /* myLanguage.strings */ = {
			isa = PBXVariantGroup;
			children = (
				519EB5B11CE85BCC002CB3AE /* en */,
				519EB5B31CE85BCE002CB3AE /* zh-Hans */,
			);
			name = myLanguage.strings;
			sourceTree = "<group>";
		};
		519EB5B81CE85C03002CB3AE /* InfoPlist.strings */ = {
			isa = PBXVariantGroup;
			children = (
				519EB5B71CE85C03002CB3AE /* en */,
				519EB5B91CE85C05002CB3AE /* zh-Hans */,
			);
			name = InfoPlist.strings;
			sourceTree = "<group>";
		};
		519EB5BE1CE85C88002CB3AE /* Localizable.strings */ = {
			isa = PBXVariantGroup;
			children = (
				519EB5BD1CE85C88002CB3AE /* en */,
				519EB5BF1CE85C8A002CB3AE /* zh-Hans */,
			);
			name = Localizable.strings;
			sourceTree = "<group>";
		};
		51F68EC91CDE1905009338D6 /* Main.storyboard */ = {
			isa = PBXVariantGroup;
			children = (
				51F68ECA1CDE1905009338D6 /* Base */,
				519EB5AA1CE85894002CB3AE /* zh-Hans */,
			);
			name = Main.storyboard;
			sourceTree = "<group>";
		};
		51F68ECE1CDE1905009338D6 /* LaunchScreen.storyboard */ = {
			isa = PBXVariantGroup;
			children = (
				51F68ECF1CDE1905009338D6 /* Base */,
				519EB5AB1CE85894002CB3AE /* zh-Hans */,
			);
			name = LaunchScreen.storyboard;
			sourceTree = "<group>";
		};
/* End PBXVariantGroup section */

/* Begin XCBuildConfiguration section */
		51F68EE81CDE1905009338D6 /* Debug */ = {
			isa = XCBuildConfiguration;
			buildSettings = {
				ALWAYS_SEARCH_USER_PATHS = NO;
				CLANG_ANALYZER_NONNULL = YES;
				CLANG_CXX_LANGUAGE_STANDARD = "gnu++0x";
				CLANG_CXX_LIBRARY = "libc++";
				CLANG_ENABLE_MODULES = YES;
				CLANG_ENABLE_OBJC_ARC = YES;
				CLANG_WARN_BOOL_CONVERSION = YES;
				CLANG_WARN_CONSTANT_CONVERSION = YES;
				CLANG_WARN_DIRECT_OBJC_ISA_USAGE = YES_ERROR;
				CLANG_WARN_EMPTY_BODY = YES;
				CLANG_WARN_ENUM_CONVERSION = YES;
				CLANG_WARN_INT_CONVERSION = YES;
				CLANG_WARN_OBJC_ROOT_CLASS = YES_ERROR;
				CLANG_WARN_UNREACHABLE_CODE = YES;
				CLANG_WARN__DUPLICATE_METHOD_MATCH = YES;
				"CODE_SIGN_IDENTITY[sdk=iphoneos*]" = "iPhone Developer: mingweihuang@vip.qq.com (3E8N4E893W)";
				COPY_PHASE_STRIP = NO;
				DEBUG_INFORMATION_FORMAT = dwarf;
				ENABLE_STRICT_OBJC_MSGSEND = YES;
				ENABLE_TESTABILITY = YES;
				GCC_C_LANGUAGE_STANDARD = gnu99;
				GCC_DYNAMIC_NO_PIC = NO;
				GCC_NO_COMMON_BLOCKS = YES;
				GCC_OPTIMIZATION_LEVEL = 0;
				GCC_PREPROCESSOR_DEFINITIONS = (
					"DEBUG=1",
					"$(inherited)",
				);
				GCC_WARN_64_TO_32_BIT_CONVERSION = YES;
				GCC_WARN_ABOUT_RETURN_TYPE = YES_ERROR;
				GCC_WARN_UNDECLARED_SELECTOR = YES;
				GCC_WARN_UNINITIALIZED_AUTOS = YES_AGGRESSIVE;
				GCC_WARN_UNUSED_FUNCTION = YES;
				GCC_WARN_UNUSED_VARIABLE = YES;
				IPHONEOS_DEPLOYMENT_TARGET = 9.0;
				MTL_ENABLE_DEBUG_INFO = YES;
				ONLY_ACTIVE_ARCH = YES;
				SDKROOT = iphoneos;
				TARGETED_DEVICE_FAMILY = "1,2";
			};
			name = Debug;
		};
		51F68EE91CDE1905009338D6 /* Release */ = {
			isa = XCBuildConfiguration;
			buildSettings = {
				ALWAYS_SEARCH_USER_PATHS = NO;
				CLANG_ANALYZER_NONNULL = YES;
				CLANG_CXX_LANGUAGE_STANDARD = "gnu++0x";
				CLANG_CXX_LIBRARY = "libc++";
				CLANG_ENABLE_MODULES = YES;
				CLANG_ENABLE_OBJC_ARC = YES;
				CLANG_WARN_BOOL_CONVERSION = YES;
				CLANG_WARN_CONSTANT_CONVERSION = YES;
				CLANG_WARN_DIRECT_OBJC_ISA_USAGE = YES_ERROR;
				CLANG_WARN_EMPTY_BODY = YES;
				CLANG_WARN_ENUM_CONVERSION = YES;
				CLANG_WARN_INT_CONVERSION = YES;
				CLANG_WARN_OBJC_ROOT_CLASS = YES_ERROR;
				CLANG_WARN_UNREACHABLE_CODE = YES;
				CLANG_WARN__DUPLICATE_METHOD_MATCH = YES;
				"CODE_SIGN_IDENTITY[sdk=iphoneos*]" = "iPhone Developer";
				COPY_PHASE_STRIP = NO;
				DEBUG_INFORMATION_FORMAT = "dwarf-with-dsym";
				ENABLE_NS_ASSERTIONS = NO;
				ENABLE_STRICT_OBJC_MSGSEND = YES;
				GCC_C_LANGUAGE_STANDARD = gnu99;
				GCC_NO_COMMON_BLOCKS = YES;
				GCC_WARN_64_TO_32_BIT_CONVERSION = YES;
				GCC_WARN_ABOUT_RETURN_TYPE = YES_ERROR;
				GCC_WARN_UNDECLARED_SELECTOR = YES;
				GCC_WARN_UNINITIALIZED_AUTOS = YES_AGGRESSIVE;
				GCC_WARN_UNUSED_FUNCTION = YES;
				GCC_WARN_UNUSED_VARIABLE = YES;
				IPHONEOS_DEPLOYMENT_TARGET = 9.0;
				MTL_ENABLE_DEBUG_INFO = NO;
				SDKROOT = iphoneos;
				TARGETED_DEVICE_FAMILY = "1,2";
				VALIDATE_PRODUCT = YES;
			};
			name = Release;
		};
		51F68EEB1CDE1905009338D6 /* Debug */ = {
			isa = XCBuildConfiguration;
			baseConfigurationReference = 183FB7427D25D872AE632CA9 /* Pods-iOSLearnList.debug.xcconfig */;
			buildSettings = {
				ASSETCATALOG_COMPILER_APPICON_NAME = AppIcon;
				CODE_SIGN_IDENTITY = "iPhone Developer";
				"CODE_SIGN_IDENTITY[sdk=iphoneos*]" = "iPhone Developer";
				GCC_PREFIX_HEADER = "$(SRCROOT)/iOSLearnList/common/iOSLearnList.pch";
				INFOPLIST_FILE = iOSLearnList/Info.plist;
				IPHONEOS_DEPLOYMENT_TARGET = 7.0;
				LD_RUNPATH_SEARCH_PATHS = "$(inherited) @executable_path/Frameworks";
				LIBRARY_SEARCH_PATHS = (
					"$(inherited)",
					"$(PROJECT_DIR)/iOSLearnList/3rdParty",
				);
				PRODUCT_BUNDLE_IDENTIFIER = fishmweiVM.iOSLearnList1;
				PRODUCT_NAME = "$(TARGET_NAME)";
				PROVISIONING_PROFILE = "";
				TARGETED_DEVICE_FAMILY = 1;
			};
			name = Debug;
		};
		51F68EEC1CDE1905009338D6 /* Release */ = {
			isa = XCBuildConfiguration;
			baseConfigurationReference = EF33793BA39F8EA8BBC17936 /* Pods-iOSLearnList.release.xcconfig */;
			buildSettings = {
				ASSETCATALOG_COMPILER_APPICON_NAME = AppIcon;
				CODE_SIGN_IDENTITY = "iPhone Developer";
				"CODE_SIGN_IDENTITY[sdk=iphoneos*]" = "iPhone Developer";
				GCC_PREFIX_HEADER = "$(SRCROOT)/iOSLearnList/common/iOSLearnList.pch";
				INFOPLIST_FILE = iOSLearnList/Info.plist;
				IPHONEOS_DEPLOYMENT_TARGET = 7.0;
				LD_RUNPATH_SEARCH_PATHS = "$(inherited) @executable_path/Frameworks";
				LIBRARY_SEARCH_PATHS = (
					"$(inherited)",
					"$(PROJECT_DIR)/iOSLearnList/3rdParty",
				);
				PRODUCT_BUNDLE_IDENTIFIER = fishmweiVM.iOSLearnList1;
				PRODUCT_NAME = "$(TARGET_NAME)";
				PROVISIONING_PROFILE = "";
				TARGETED_DEVICE_FAMILY = 1;
			};
			name = Release;
		};
		51F68EEE1CDE1905009338D6 /* Debug */ = {
			isa = XCBuildConfiguration;
			baseConfigurationReference = 016DB9FEC94EA9524F78187B /* Pods-iOSLearnListTests.debug.xcconfig */;
			buildSettings = {
				BUNDLE_LOADER = "$(TEST_HOST)";
				INFOPLIST_FILE = iOSLearnListTests/Info.plist;
				LD_RUNPATH_SEARCH_PATHS = "$(inherited) @executable_path/Frameworks @loader_path/Frameworks";
				PRODUCT_BUNDLE_IDENTIFIER = fishmwei.iOSLearnListTests;
				PRODUCT_NAME = "$(TARGET_NAME)";
				TEST_HOST = "$(BUILT_PRODUCTS_DIR)/iOSLearnList.app/iOSLearnList";
			};
			name = Debug;
		};
		51F68EEF1CDE1905009338D6 /* Release */ = {
			isa = XCBuildConfiguration;
			baseConfigurationReference = F5B5BB0B5ABE5131BA75ED65 /* Pods-iOSLearnListTests.release.xcconfig */;
			buildSettings = {
				BUNDLE_LOADER = "$(TEST_HOST)";
				INFOPLIST_FILE = iOSLearnListTests/Info.plist;
				LD_RUNPATH_SEARCH_PATHS = "$(inherited) @executable_path/Frameworks @loader_path/Frameworks";
				PRODUCT_BUNDLE_IDENTIFIER = fishmwei.iOSLearnListTests;
				PRODUCT_NAME = "$(TARGET_NAME)";
				TEST_HOST = "$(BUILT_PRODUCTS_DIR)/iOSLearnList.app/iOSLearnList";
			};
			name = Release;
		};
		51F68EF11CDE1905009338D6 /* Debug */ = {
			isa = XCBuildConfiguration;
			baseConfigurationReference = DD0006A1514074EB94BC8F48 /* Pods-iOSLearnListUITests.debug.xcconfig */;
			buildSettings = {
				INFOPLIST_FILE = iOSLearnListUITests/Info.plist;
				LD_RUNPATH_SEARCH_PATHS = "$(inherited) @executable_path/Frameworks @loader_path/Frameworks";
				PRODUCT_BUNDLE_IDENTIFIER = fishmwei.iOSLearnListUITests;
				PRODUCT_NAME = "$(TARGET_NAME)";
				TEST_TARGET_NAME = iOSLearnList;
			};
			name = Debug;
		};
		51F68EF21CDE1905009338D6 /* Release */ = {
			isa = XCBuildConfiguration;
			baseConfigurationReference = 19E1B844205498E3F8F2045F /* Pods-iOSLearnListUITests.release.xcconfig */;
			buildSettings = {
				INFOPLIST_FILE = iOSLearnListUITests/Info.plist;
				LD_RUNPATH_SEARCH_PATHS = "$(inherited) @executable_path/Frameworks @loader_path/Frameworks";
				PRODUCT_BUNDLE_IDENTIFIER = fishmwei.iOSLearnListUITests;
				PRODUCT_NAME = "$(TARGET_NAME)";
				TEST_TARGET_NAME = iOSLearnList;
			};
			name = Release;
		};
		C1209B0C1CF53B0200182559 /* AdHoc */ = {
			isa = XCBuildConfiguration;
			buildSettings = {
				ALWAYS_SEARCH_USER_PATHS = NO;
				CLANG_ANALYZER_NONNULL = YES;
				CLANG_CXX_LANGUAGE_STANDARD = "gnu++0x";
				CLANG_CXX_LIBRARY = "libc++";
				CLANG_ENABLE_MODULES = YES;
				CLANG_ENABLE_OBJC_ARC = YES;
				CLANG_WARN_BOOL_CONVERSION = YES;
				CLANG_WARN_CONSTANT_CONVERSION = YES;
				CLANG_WARN_DIRECT_OBJC_ISA_USAGE = YES_ERROR;
				CLANG_WARN_EMPTY_BODY = YES;
				CLANG_WARN_ENUM_CONVERSION = YES;
				CLANG_WARN_INT_CONVERSION = YES;
				CLANG_WARN_OBJC_ROOT_CLASS = YES_ERROR;
				CLANG_WARN_UNREACHABLE_CODE = YES;
				CLANG_WARN__DUPLICATE_METHOD_MATCH = YES;
				"CODE_SIGN_IDENTITY[sdk=iphoneos*]" = "iPhone Developer";
				COPY_PHASE_STRIP = NO;
				DEBUG_INFORMATION_FORMAT = "dwarf-with-dsym";
				ENABLE_NS_ASSERTIONS = NO;
				ENABLE_STRICT_OBJC_MSGSEND = YES;
				GCC_C_LANGUAGE_STANDARD = gnu99;
				GCC_NO_COMMON_BLOCKS = YES;
				GCC_PREPROCESSOR_DEFINITIONS = "AdHoc=2";
				GCC_WARN_64_TO_32_BIT_CONVERSION = YES;
				GCC_WARN_ABOUT_RETURN_TYPE = YES_ERROR;
				GCC_WARN_UNDECLARED_SELECTOR = YES;
				GCC_WARN_UNINITIALIZED_AUTOS = YES_AGGRESSIVE;
				GCC_WARN_UNUSED_FUNCTION = YES;
				GCC_WARN_UNUSED_VARIABLE = YES;
				IPHONEOS_DEPLOYMENT_TARGET = 9.0;
				MTL_ENABLE_DEBUG_INFO = NO;
				SDKROOT = iphoneos;
				TARGETED_DEVICE_FAMILY = "1,2";
				VALIDATE_PRODUCT = YES;
			};
			name = AdHoc;
		};
		C1209B0D1CF53B0200182559 /* AdHoc */ = {
			isa = XCBuildConfiguration;
			baseConfigurationReference = F72159D3B3036E6B7D18E846 /* Pods-iOSLearnList.adhoc.xcconfig */;
			buildSettings = {
				ASSETCATALOG_COMPILER_APPICON_NAME = AppIcon;
				CODE_SIGN_IDENTITY = "iPhone Developer";
				"CODE_SIGN_IDENTITY[sdk=iphoneos*]" = "iPhone Developer";
				GCC_PREFIX_HEADER = "$(SRCROOT)/iOSLearnList/common/iOSLearnList.pch";
				INFOPLIST_FILE = iOSLearnList/Info.plist;
				IPHONEOS_DEPLOYMENT_TARGET = 7.0;
				LD_RUNPATH_SEARCH_PATHS = "$(inherited) @executable_path/Frameworks";
				LIBRARY_SEARCH_PATHS = (
					"$(inherited)",
					"$(PROJECT_DIR)/iOSLearnList/3rdParty",
				);
				PRODUCT_BUNDLE_IDENTIFIER = fishmweiVM.iOSLearnList1;
				PRODUCT_NAME = "$(TARGET_NAME)";
				PROVISIONING_PROFILE = "";
				TARGETED_DEVICE_FAMILY = 1;
			};
			name = AdHoc;
		};
		C1209B0E1CF53B0200182559 /* AdHoc */ = {
			isa = XCBuildConfiguration;
			baseConfigurationReference = 74B9DFAC62EA14D70A708C4B /* Pods-iOSLearnListTests.adhoc.xcconfig */;
			buildSettings = {
				BUNDLE_LOADER = "$(TEST_HOST)";
				INFOPLIST_FILE = iOSLearnListTests/Info.plist;
				LD_RUNPATH_SEARCH_PATHS = "$(inherited) @executable_path/Frameworks @loader_path/Frameworks";
				PRODUCT_BUNDLE_IDENTIFIER = fishmwei.iOSLearnListTests;
				PRODUCT_NAME = "$(TARGET_NAME)";
				TEST_HOST = "$(BUILT_PRODUCTS_DIR)/iOSLearnList.app/iOSLearnList";
			};
			name = AdHoc;
		};
		C1209B0F1CF53B0200182559 /* AdHoc */ = {
			isa = XCBuildConfiguration;
			baseConfigurationReference = 973B2D6CFF65EAF53BEEEDF9 /* Pods-iOSLearnListUITests.adhoc.xcconfig */;
			buildSettings = {
				INFOPLIST_FILE = iOSLearnListUITests/Info.plist;
				LD_RUNPATH_SEARCH_PATHS = "$(inherited) @executable_path/Frameworks @loader_path/Frameworks";
				PRODUCT_BUNDLE_IDENTIFIER = fishmwei.iOSLearnListUITests;
				PRODUCT_NAME = "$(TARGET_NAME)";
				TEST_TARGET_NAME = iOSLearnList;
			};
			name = AdHoc;
		};
/* End XCBuildConfiguration section */

/* Begin XCConfigurationList section */
		51F68EB81CDE1905009338D6 /* Build configuration list for PBXProject "iOSLearnList" */ = {
			isa = XCConfigurationList;
			buildConfigurations = (
				51F68EE81CDE1905009338D6 /* Debug */,
				51F68EE91CDE1905009338D6 /* Release */,
				C1209B0C1CF53B0200182559 /* AdHoc */,
			);
			defaultConfigurationIsVisible = 0;
			defaultConfigurationName = Release;
		};
		51F68EEA1CDE1905009338D6 /* Build configuration list for PBXNativeTarget "iOSLearnList" */ = {
			isa = XCConfigurationList;
			buildConfigurations = (
				51F68EEB1CDE1905009338D6 /* Debug */,
				51F68EEC1CDE1905009338D6 /* Release */,
				C1209B0D1CF53B0200182559 /* AdHoc */,
			);
			defaultConfigurationIsVisible = 0;
			defaultConfigurationName = Release;
		};
		51F68EED1CDE1905009338D6 /* Build configuration list for PBXNativeTarget "iOSLearnListTests" */ = {
			isa = XCConfigurationList;
			buildConfigurations = (
				51F68EEE1CDE1905009338D6 /* Debug */,
				51F68EEF1CDE1905009338D6 /* Release */,
				C1209B0E1CF53B0200182559 /* AdHoc */,
			);
			defaultConfigurationIsVisible = 0;
			defaultConfigurationName = Release;
		};
		51F68EF01CDE1905009338D6 /* Build configuration list for PBXNativeTarget "iOSLearnListUITests" */ = {
			isa = XCConfigurationList;
			buildConfigurations = (
				51F68EF11CDE1905009338D6 /* Debug */,
				51F68EF21CDE1905009338D6 /* Release */,
				C1209B0F1CF53B0200182559 /* AdHoc */,
			);
			defaultConfigurationIsVisible = 0;
			defaultConfigurationName = Release;
		};
/* End XCConfigurationList section */
	};
	rootObject = 51F68EB51CDE1905009338D6 /* Project object */;
}
